// !$*UTF8*$!
{
	archiveVersion = 1;
	classes = {
	};
	objectVersion = 46;
	objects = {

/* Begin PBXBuildFile section */
		3E9C4EB0198AB350000AF68C /* AppDelegate.swift in Sources */ = {isa = PBXBuildFile; fileRef = 3E9C4EAF198AB350000AF68C /* AppDelegate.swift */; };
		3E9C4EB2198AB350000AF68C /* ViewController.swift in Sources */ = {isa = PBXBuildFile; fileRef = 3E9C4EB1198AB350000AF68C /* ViewController.swift */; };
		3E9C4EB5198AB350000AF68C /* Main.storyboard in Resources */ = {isa = PBXBuildFile; fileRef = 3E9C4EB3198AB350000AF68C /* Main.storyboard */; };
		3E9C4EB7198AB350000AF68C /* Images.xcassets in Resources */ = {isa = PBXBuildFile; fileRef = 3E9C4EB6198AB350000AF68C /* Images.xcassets */; };
		3E9C4EC3198AB350000AF68C /* MistikATests.swift in Sources */ = {isa = PBXBuildFile; fileRef = 3E9C4EC2198AB350000AF68C /* MistikATests.swift */; };
/* End PBXBuildFile section */

/* Begin PBXContainerItemProxy section */
		3E9C4EBD198AB350000AF68C /* PBXContainerItemProxy */ = {
			isa = PBXContainerItemProxy;
			containerPortal = 3E9C4EA2198AB350000AF68C /* Project object */;
			proxyType = 1;
			remoteGlobalIDString = 3E9C4EA9198AB350000AF68C;
			remoteInfo = MistikA;
		};
/* End PBXContainerItemProxy section */

/* Begin PBXFileReference section */
		3E9C4EAA198AB350000AF68C /* MistikA.app */ = {isa = PBXFileReference; explicitFileType = wrapper.application; includeInIndex = 0; path = MistikA.app; sourceTree = BUILT_PRODUCTS_DIR; };
		3E9C4EAE198AB350000AF68C /* Info.plist */ = {isa = PBXFileReference; lastKnownFileType = text.plist.xml; path = Info.plist; sourceTree = "<group>"; };
		3E9C4EAF198AB350000AF68C /* AppDelegate.swift */ = {isa = PBXFileReference; lastKnownFileType = sourcecode.swift; path = AppDelegate.swift; sourceTree = "<group>"; };
		3E9C4EB1198AB350000AF68C /* ViewController.swift */ = {isa = PBXFileReference; lastKnownFileType = sourcecode.swift; path = ViewController.swift; sourceTree = "<group>"; };
		3E9C4EB4198AB350000AF68C /* Base */ = {isa = PBXFileReference; lastKnownFileType = file.storyboard; name = Base; path = Base.lproj/Main.storyboard; sourceTree = "<group>"; };
		3E9C4EB6198AB350000AF68C /* Images.xcassets */ = {isa = PBXFileReference; lastKnownFileType = folder.assetcatalog; path = Images.xcassets; sourceTree = "<group>"; };
		3E9C4EBC198AB350000AF68C /* MistikATests.xctest */ = {isa = PBXFileReference; explicitFileType = wrapper.cfbundle; includeInIndex = 0; path = MistikATests.xctest; sourceTree = BUILT_PRODUCTS_DIR; };
		3E9C4EC1198AB350000AF68C /* Info.plist */ = {isa = PBXFileReference; lastKnownFileType = text.plist.xml; path = Info.plist; sourceTree = "<group>"; };
		3E9C4EC2198AB350000AF68C /* MistikATests.swift */ = {isa = PBXFileReference; lastKnownFileType = sourcecode.swift; path = MistikATests.swift; sourceTree = "<group>"; };
/* End PBXFileReference section */

/* Begin PBXFrameworksBuildPhase section */
		3E9C4EA7198AB350000AF68C /* Frameworks */ = {
			isa = PBXFrameworksBuildPhase;
			buildActionMask = 2147483647;
			files = (
			);
			runOnlyForDeploymentPostprocessing = 0;
		};
		3E9C4EB9198AB350000AF68C /* Frameworks */ = {
			isa = PBXFrameworksBuildPhase;
			buildActionMask = 2147483647;
			files = (
			);
			runOnlyForDeploymentPostprocessing = 0;
		};
/* End PBXFrameworksBuildPhase section */

/* Begin PBXGroup section */
		3E9C4EA1198AB350000AF68C = {
			isa = PBXGroup;
			children = (
				3E9C4EAC198AB350000AF68C /* MistikA */,
				3E9C4EBF198AB350000AF68C /* MistikATests */,
				3E9C4EAB198AB350000AF68C /* Products */,
			);
			sourceTree = "<group>";
		};
		3E9C4EAB198AB350000AF68C /* Products */ = {
			isa = PBXGroup;
			children = (
				3E9C4EAA198AB350000AF68C /* MistikA.app */,
				3E9C4EBC198AB350000AF68C /* MistikATests.xctest */,
			);
			name = Products;
			sourceTree = "<group>";
		};
		3E9C4EAC198AB350000AF68C /* MistikA */ = {
			isa = PBXGroup;
			children = (
				3E9C4EAF198AB350000AF68C /* AppDelegate.swift */,
				3E9C4EB1198AB350000AF68C /* ViewController.swift */,
				3E9C4EB3198AB350000AF68C /* Main.storyboard */,
				3E9C4EB6198AB350000AF68C /* Images.xcassets */,
				3E9C4EAD198AB350000AF68C /* Supporting Files */,
			);
			path = MistikA;
			sourceTree = "<group>";
		};
		3E9C4EAD198AB350000AF68C /* Supporting Files */ = {
			isa = PBXGroup;
			children = (
				3E9C4EAE198AB350000AF68C /* Info.plist */,
			);
			name = "Supporting Files";
			sourceTree = "<group>";
		};
		3E9C4EBF198AB350000AF68C /* MistikATests */ = {
			isa = PBXGroup;
			children = (
				3E9C4EC2198AB350000AF68C /* MistikATests.swift */,
				3E9C4EC0198AB350000AF68C /* Supporting Files */,
			);
			path = MistikATests;
			sourceTree = "<group>";
		};
		3E9C4EC0198AB350000AF68C /* Supporting Files */ = {
			isa = PBXGroup;
			children = (
				3E9C4EC1198AB350000AF68C /* Info.plist */,
			);
			name = "Supporting Files";
			sourceTree = "<group>";
		};
/* End PBXGroup section */

/* Begin PBXNativeTarget section */
		3E9C4EA9198AB350000AF68C /* MistikA */ = {
			isa = PBXNativeTarget;
			buildConfigurationList = 3E9C4EC6198AB350000AF68C /* Build configuration list for PBXNativeTarget "MistikA" */;
			buildPhases = (
				3E9C4EA6198AB350000AF68C /* Sources */,
				3E9C4EA7198AB350000AF68C /* Frameworks */,
				3E9C4EA8198AB350000AF68C /* Resources */,
			);
			buildRules = (
			);
			dependencies = (
			);
			name = MistikA;
			productName = MistikA;
			productReference = 3E9C4EAA198AB350000AF68C /* MistikA.app */;
			productType = "com.apple.product-type.application";
		};
		3E9C4EBB198AB350000AF68C /* MistikATests */ = {
			isa = PBXNativeTarget;
			buildConfigurationList = 3E9C4EC9198AB350000AF68C /* Build configuration list for PBXNativeTarget "MistikATests" */;
			buildPhases = (
				3E9C4EB8198AB350000AF68C /* Sources */,
				3E9C4EB9198AB350000AF68C /* Frameworks */,
				3E9C4EBA198AB350000AF68C /* Resources */,
			);
			buildRules = (
			);
			dependencies = (
				3E9C4EBE198AB350000AF68C /* PBXTargetDependency */,
			);
			name = MistikATests;
			productName = MistikATests;
			productReference = 3E9C4EBC198AB350000AF68C /* MistikATests.xctest */;
			productType = "com.apple.product-type.bundle.unit-test";
		};
/* End PBXNativeTarget section */

/* Begin PBXProject section */
		3E9C4EA2198AB350000AF68C /* Project object */ = {
			isa = PBXProject;
			attributes = {
				LastUpgradeCheck = 0600;
				ORGANIZATIONNAME = Tadas;
				TargetAttributes = {
					3E9C4EA9198AB350000AF68C = {
						CreatedOnToolsVersion = 6.0;
					};
					3E9C4EBB198AB350000AF68C = {
						CreatedOnToolsVersion = 6.0;
						TestTargetID = 3E9C4EA9198AB350000AF68C;
					};
				};
			};
			buildConfigurationList = 3E9C4EA5198AB350000AF68C /* Build configuration list for PBXProject "MistikA" */;
			compatibilityVersion = "Xcode 3.2";
			developmentRegion = English;
			hasScannedForEncodings = 0;
			knownRegions = (
				en,
				Base,
			);
			mainGroup = 3E9C4EA1198AB350000AF68C;
			productRefGroup = 3E9C4EAB198AB350000AF68C /* Products */;
			projectDirPath = "";
			projectRoot = "";
			targets = (
				3E9C4EA9198AB350000AF68C /* MistikA */,
				3E9C4EBB198AB350000AF68C /* MistikATests */,
			);
		};
/* End PBXProject section */

/* Begin PBXResourcesBuildPhase section */
		3E9C4EA8198AB350000AF68C /* Resources */ = {
			isa = PBXResourcesBuildPhase;
			buildActionMask = 2147483647;
			files = (
				3E9C4EB5198AB350000AF68C /* Main.storyboard in Resources */,
				3E9C4EB7198AB350000AF68C /* Images.xcassets in Resources */,
			);
			runOnlyForDeploymentPostprocessing = 0;
		};
		3E9C4EBA198AB350000AF68C /* Resources */ = {
			isa = PBXResourcesBuildPhase;
			buildActionMask = 2147483647;
			files = (
			);
			runOnlyForDeploymentPostprocessing = 0;
		};
/* End PBXResourcesBuildPhase section */

/* Begin PBXSourcesBuildPhase section */
		3E9C4EA6198AB350000AF68C /* Sources */ = {
			isa = PBXSourcesBuildPhase;
			buildActionMask = 2147483647;
			files = (
				3E9C4EB2198AB350000AF68C /* ViewController.swift in Sources */,
				3E9C4EB0198AB350000AF68C /* AppDelegate.swift in Sources */,
			);
			runOnlyForDeploymentPostprocessing = 0;
		};
		3E9C4EB8198AB350000AF68C /* Sources */ = {
			isa = PBXSourcesBuildPhase;
			buildActionMask = 2147483647;
			files = (
				3E9C4EC3198AB350000AF68C /* MistikATests.swift in Sources */,
			);
			runOnlyForDeploymentPostprocessing = 0;
		};
/* End PBXSourcesBuildPhase section */

/* Begin PBXTargetDependency section */
		3E9C4EBE198AB350000AF68C /* PBXTargetDependency */ = {
			isa = PBXTargetDependency;
			target = 3E9C4EA9198AB350000AF68C /* MistikA */;
			targetProxy = 3E9C4EBD198AB350000AF68C /* PBXContainerItemProxy */;
		};
/* End PBXTargetDependency section */

/* Begin PBXVariantGroup section */
		3E9C4EB3198AB350000AF68C /* Main.storyboard */ = {
			isa = PBXVariantGroup;
			children = (
				3E9C4EB4198AB350000AF68C /* Base */,
			);
			name = Main.storyboard;
			sourceTree = "<group>";
		};
/* End PBXVariantGroup section */

/* Begin XCBuildConfiguration section */
		3E9C4EC4198AB350000AF68C /* Debug */ = {
			isa = XCBuildConfiguration;
			buildSettings = {
				ALWAYS_SEARCH_USER_PATHS = NO;
				CLANG_CXX_LANGUAGE_STANDARD = "gnu++0x";
				CLANG_CXX_LIBRARY = "libc++";
				CLANG_ENABLE_MODULES = YES;
				CLANG_ENABLE_OBJC_ARC = YES;
				CLANG_WARN_BOOL_CONVERSION = YES;
				CLANG_WARN_CONSTANT_CONVERSION = YES;
				CLANG_WARN_DIRECT_OBJC_ISA_USAGE = YES_ERROR;
				CLANG_WARN_EMPTY_BODY = YES;
				CLANG_WARN_ENUM_CONVERSION = YES;
				CLANG_WARN_INT_CONVERSION = YES;
				CLANG_WARN_OBJC_ROOT_CLASS = YES_ERROR;
				CLANG_WARN_UNREACHABLE_CODE = YES;
				CLANG_WARN__DUPLICATE_METHOD_MATCH = YES;
				"CODE_SIGN_IDENTITY[sdk=iphoneos*]" = "iPhone Developer";
				COPY_PHASE_STRIP = NO;
				ENABLE_STRICT_OBJC_MSGSEND = YES;
				GCC_C_LANGUAGE_STANDARD = gnu99;
				GCC_DYNAMIC_NO_PIC = NO;
				GCC_OPTIMIZATION_LEVEL = 0;
				GCC_PREPROCESSOR_DEFINITIONS = (
					"DEBUG=1",
					"$(inherited)",
				);
				GCC_SYMBOLS_PRIVATE_EXTERN = NO;
				GCC_WARN_64_TO_32_BIT_CONVERSION = YES;
				GCC_WARN_ABOUT_RETURN_TYPE = YES_ERROR;
				GCC_WARN_UNDECLARED_SELECTOR = YES;
				GCC_WARN_UNINITIALIZED_AUTOS = YES_AGGRESSIVE;
				GCC_WARN_UNUSED_FUNCTION = YES;
				GCC_WARN_UNUSED_VARIABLE = YES;
				IPHONEOS_DEPLOYMENT_TARGET = 8.0;
				MTL_ENABLE_DEBUG_INFO = YES;
				ONLY_ACTIVE_ARCH = YES;
				SDKROOT = iphoneos;
				SWIFT_OPTIMIZATION_LEVEL = "-Onone";
			};
			name = Debug;
		};
		3E9C4EC5198AB350000AF68C /* Release */ = {
			isa = XCBuildConfiguration;
			buildSettings = {
				ALWAYS_SEARCH_USER_PATHS = NO;
				CLANG_CXX_LANGUAGE_STANDARD = "gnu++0x";
				CLANG_CXX_LIBRARY = "libc++";
				CLANG_ENABLE_MODULES = YES;
				CLANG_ENABLE_OBJC_ARC = YES;
				CLANG_WARN_BOOL_CONVERSION = YES;
				CLANG_WARN_CONSTANT_CONVERSION = YES;
				CLANG_WARN_DIRECT_OBJC_ISA_USAGE = YES_ERROR;
				CLANG_WARN_EMPTY_BODY = YES;
				CLANG_WARN_ENUM_CONVERSION = YES;
				CLANG_WARN_INT_CONVERSION = YES;
				CLANG_WARN_OBJC_ROOT_CLASS = YES_ERROR;
				CLANG_WARN_UNREACHABLE_CODE = YES;
				CLANG_WARN__DUPLICATE_METHOD_MATCH = YES;
				"CODE_SIGN_IDENTITY[sdk=iphoneos*]" = "iPhone Developer";
				COPY_PHASE_STRIP = YES;
				ENABLE_NS_ASSERTIONS = NO;
				ENABLE_STRICT_OBJC_MSGSEND = YES;
				GCC_C_LANGUAGE_STANDARD = gnu99;
				GCC_WARN_64_TO_32_BIT_CONVERSION = YES;
				GCC_WARN_ABOUT_RETURN_TYPE = YES_ERROR;
				GCC_WARN_UNDECLARED_SELECTOR = YES;
				GCC_WARN_UNINITIALIZED_AUTOS = YES_AGGRESSIVE;
				GCC_WARN_UNUSED_FUNCTION = YES;
				GCC_WARN_UNUSED_VARIABLE = YES;
				IPHONEOS_DEPLOYMENT_TARGET = 8.0;
				MTL_ENABLE_DEBUG_INFO = NO;
				SDKROOT = iphoneos;
				VALIDATE_PRODUCT = YES;
			};
			name = Release;
		};
		3E9C4EC7198AB350000AF68C /* Debug */ = {
			isa = XCBuildConfiguration;
			buildSettings = {
				ASSETCATALOG_COMPILER_APPICON_NAME = AppIcon;
				ASSETCATALOG_COMPILER_LAUNCHIMAGE_NAME = LaunchImage;
				INFOPLIST_FILE = MistikA/Info.plist;
				LD_RUNPATH_SEARCH_PATHS = "$(inherited) @executable_path/Frameworks";
				PRODUCT_NAME = "$(TARGET_NAME)";
			};
			name = Debug;
		};
		3E9C4EC8198AB350000AF68C /* Release */ = {
			isa = XCBuildConfiguration;
			buildSettings = {
				ASSETCATALOG_COMPILER_APPICON_NAME = AppIcon;
				ASSETCATALOG_COMPILER_LAUNCHIMAGE_NAME = LaunchImage;
				INFOPLIST_FILE = MistikA/Info.plist;
				LD_RUNPATH_SEARCH_PATHS = "$(inherited) @executable_path/Frameworks";
				PRODUCT_NAME = "$(TARGET_NAME)";
			};
			name = Release;
		};
		3E9C4ECA198AB350000AF68C /* Debug */ = {
			isa = XCBuildConfiguration;
			buildSettings = {
				BUNDLE_LOADER = "$(BUILT_PRODUCTS_DIR)/MistikA.app/MistikA";
				FRAMEWORK_SEARCH_PATHS = (
					"$(SDKROOT)/Developer/Library/Frameworks",
					"$(inherited)",
				);
				GCC_PREPROCESSOR_DEFINITIONS = (
					"DEBUG=1",
					"$(inherited)",
				);
				INFOPLIST_FILE = MistikATests/Info.plist;
				LD_RUNPATH_SEARCH_PATHS = "$(inherited) @executable_path/Frameworks @loader_path/Frameworks";
				PRODUCT_NAME = "$(TARGET_NAME)";
				TEST_HOST = "$(BUNDLE_LOADER)";
			};
			name = Debug;
		};
		3E9C4ECB198AB350000AF68C /* Release */ = {
			isa = XCBuildConfiguration;
			buildSettings = {
				BUNDLE_LOADER = "$(BUILT_PRODUCTS_DIR)/MistikA.app/MistikA";
				FRAMEWORK_SEARCH_PATHS = (
					"$(SDKROOT)/Developer/Library/Frameworks",
					"$(inherited)",
				);
				INFOPLIST_FILE = MistikATests/Info.plist;
				LD_RUNPATH_SEARCH_PATHS = "$(inherited) @executable_path/Frameworks @loader_path/Frameworks";
				PRODUCT_NAME = "$(TARGET_NAME)";
				TEST_HOST = "$(BUNDLE_LOADER)";
			};
			name = Release;
		};
/* End XCBuildConfiguration section */

/* Begin XCConfigurationList section */
		3E9C4EA5198AB350000AF68C /* Build configuration list for PBXProject "MistikA" */ = {
			isa = XCConfigurationList;
			buildConfigurations = (
				3E9C4EC4198AB350000AF68C /* Debug */,
				3E9C4EC5198AB350000AF68C /* Release */,
			);
			defaultConfigurationIsVisible = 0;
			defaultConfigurationName = Release;
		};
		3E9C4EC6198AB350000AF68C /* Build configuration list for PBXNativeTarget "MistikA" */ = {
			isa = XCConfigurationList;
			buildConfigurations = (
				3E9C4EC7198AB350000AF68C /* Debug */,
				3E9C4EC8198AB350000AF68C /* Release */,
			);
			defaultConfigurationIsVisible = 0;
		};
		3E9C4EC9198AB350000AF68C /* Build configuration list for PBXNativeTarget "MistikATests" */ = {
			isa = XCConfigurationList;
			buildConfigurations = (
				3E9C4ECA198AB350000AF68C /* Debug */,
				3E9C4ECB198AB350000AF68C /* Release */,
			);
			defaultConfigurationIsVisible = 0;
		};
/* End XCConfigurationList section */
	};
	rootObject = 3E9C4EA2198AB350000AF68C /* Project object */;
}
