// !$*UTF8*$!
{
	archiveVersion = 1;
	classes = {
	};
	objectVersion = 46;
	objects = {

/* Begin PBXBuildFile section */
		3E15356C1A20D9030073F149 /* laugh.aiff in Resources */ = {isa = PBXBuildFile; fileRef = 3E15356B1A20D9030073F149 /* laugh.aiff */; };
		3E15356E1A2324EF0073F149 /* FinalPuzzleViewController.swift in Sources */ = {isa = PBXBuildFile; fileRef = 3E15356D1A2324EF0073F149 /* FinalPuzzleViewController.swift */; };
		3E1535701A23274B0073F149 /* dream.mp3 in Resources */ = {isa = PBXBuildFile; fileRef = 3E15356F1A23274B0073F149 /* dream.mp3 */; };
		3E1535771A232A7C0073F149 /* klau.jpg in Resources */ = {isa = PBXBuildFile; fileRef = 3E1535721A232A7C0073F149 /* klau.jpg */; };
		3E1535781A232A7C0073F149 /* rasa.jpg in Resources */ = {isa = PBXBuildFile; fileRef = 3E1535731A232A7C0073F149 /* rasa.jpg */; };
		3E1535791A232A7C0073F149 /* sima.jpg in Resources */ = {isa = PBXBuildFile; fileRef = 3E1535741A232A7C0073F149 /* sima.jpg */; };
		3E15357A1A232A7C0073F149 /* tau.jpg in Resources */ = {isa = PBXBuildFile; fileRef = 3E1535751A232A7C0073F149 /* tau.jpg */; };
		3E15357B1A232A7C0073F149 /* turiu.jpg in Resources */ = {isa = PBXBuildFile; fileRef = 3E1535761A232A7C0073F149 /* turiu.jpg */; };
		3E15357D1A23330C0073F149 /* final_win.jpg in Resources */ = {isa = PBXBuildFile; fileRef = 3E15357C1A23330C0073F149 /* final_win.jpg */; };
		3E2936511A207C2F0040D13F /* LTEasing.swift in Sources */ = {isa = PBXBuildFile; fileRef = 3E2936431A207C2F0040D13F /* LTEasing.swift */; };
		3E2936521A207C2F0040D13F /* LTMorphingLabel+Anvil.swift in Sources */ = {isa = PBXBuildFile; fileRef = 3E2936441A207C2F0040D13F /* LTMorphingLabel+Anvil.swift */; };
		3E2936531A207C2F0040D13F /* LTMorphingLabel+Burn.swift in Sources */ = {isa = PBXBuildFile; fileRef = 3E2936451A207C2F0040D13F /* LTMorphingLabel+Burn.swift */; };
		3E2936541A207C2F0040D13F /* LTMorphingLabel+Evaporate.swift in Sources */ = {isa = PBXBuildFile; fileRef = 3E2936461A207C2F0040D13F /* LTMorphingLabel+Evaporate.swift */; };
		3E2936551A207C2F0040D13F /* LTMorphingLabel+Fall.swift in Sources */ = {isa = PBXBuildFile; fileRef = 3E2936471A207C2F0040D13F /* LTMorphingLabel+Fall.swift */; };
		3E2936561A207C2F0040D13F /* LTMorphingLabel+Pixelate.swift in Sources */ = {isa = PBXBuildFile; fileRef = 3E2936481A207C2F0040D13F /* LTMorphingLabel+Pixelate.swift */; };
		3E2936571A207C2F0040D13F /* LTMorphingLabel+Sparkle.swift in Sources */ = {isa = PBXBuildFile; fileRef = 3E2936491A207C2F0040D13F /* LTMorphingLabel+Sparkle.swift */; };
		3E2936581A207C2F0040D13F /* LTMorphingLabel.swift in Sources */ = {isa = PBXBuildFile; fileRef = 3E29364A1A207C2F0040D13F /* LTMorphingLabel.swift */; };
		3E2936591A207C2F0040D13F /* NSString+LTMorphingLabel.swift in Sources */ = {isa = PBXBuildFile; fileRef = 3E29364B1A207C2F0040D13F /* NSString+LTMorphingLabel.swift */; };
		3E29365A1A207C2F0040D13F /* Fire.png in Resources */ = {isa = PBXBuildFile; fileRef = 3E29364D1A207C2F0040D13F /* Fire.png */; };
		3E29365B1A207C2F0040D13F /* Fragment.png in Resources */ = {isa = PBXBuildFile; fileRef = 3E29364E1A207C2F0040D13F /* Fragment.png */; };
		3E29365C1A207C2F0040D13F /* Smoke.png in Resources */ = {isa = PBXBuildFile; fileRef = 3E29364F1A207C2F0040D13F /* Smoke.png */; };
		3E29365D1A207C2F0040D13F /* Sparkle.png in Resources */ = {isa = PBXBuildFile; fileRef = 3E2936501A207C2F0040D13F /* Sparkle.png */; };
		3E584F491999791B0081CB6E /* QuartzCore.framework in Frameworks */ = {isa = PBXBuildFile; fileRef = 3E584F481999791B0081CB6E /* QuartzCore.framework */; };
		3E5ECA09199A462400B58A65 /* Main.storyboard in Resources */ = {isa = PBXBuildFile; fileRef = 3E9C4EB3198AB350000AF68C /* Main.storyboard */; };
		3E5ECA0B199A5D7200B58A65 /* somuchwin.jpg in Resources */ = {isa = PBXBuildFile; fileRef = 3E5ECA0A199A5D7200B58A65 /* somuchwin.jpg */; };
		3E5ECA0D199A724500B58A65 /* StereoIllusionViewController.swift in Sources */ = {isa = PBXBuildFile; fileRef = 3E5ECA0C199A724500B58A65 /* StereoIllusionViewController.swift */; };
		3E5ECA0F199A808D00B58A65 /* winnerisyou.jpg in Resources */ = {isa = PBXBuildFile; fileRef = 3E5ECA0E199A808D00B58A65 /* winnerisyou.jpg */; };
		3E5ECA28199A85D500B58A65 /* ant.jpg in Resources */ = {isa = PBXBuildFile; fileRef = 3E5ECA12199A85D500B58A65 /* ant.jpg */; };
		3E5ECA29199A85D500B58A65 /* cow.jpg in Resources */ = {isa = PBXBuildFile; fileRef = 3E5ECA13199A85D500B58A65 /* cow.jpg */; };
		3E5ECA2A199A85D500B58A65 /* dolphins.jpg in Resources */ = {isa = PBXBuildFile; fileRef = 3E5ECA14199A85D500B58A65 /* dolphins.jpg */; };
		3E5ECA2B199A85D500B58A65 /* drakonas.jpg in Resources */ = {isa = PBXBuildFile; fileRef = 3E5ECA15199A85D500B58A65 /* drakonas.jpg */; };
		3E5ECA2C199A85D500B58A65 /* drugelis.jpg in Resources */ = {isa = PBXBuildFile; fileRef = 3E5ECA16199A85D500B58A65 /* drugelis.jpg */; };
		3E5ECA2D199A85D500B58A65 /* flying_bird.jpg in Resources */ = {isa = PBXBuildFile; fileRef = 3E5ECA17199A85D500B58A65 /* flying_bird.jpg */; };
		3E5ECA2E199A85D500B58A65 /* gorilla.jpg in Resources */ = {isa = PBXBuildFile; fileRef = 3E5ECA18199A85D500B58A65 /* gorilla.jpg */; };
		3E5ECA2F199A85D500B58A65 /* heart.jpg in Resources */ = {isa = PBXBuildFile; fileRef = 3E5ECA19199A85D500B58A65 /* heart.jpg */; };
		3E5ECA30199A85D500B58A65 /* infinity.jpg in Resources */ = {isa = PBXBuildFile; fileRef = 3E5ECA1A199A85D500B58A65 /* infinity.jpg */; };
		3E5ECA31199A85D500B58A65 /* kaukole.jpg in Resources */ = {isa = PBXBuildFile; fileRef = 3E5ECA1B199A85D500B58A65 /* kaukole.jpg */; };
		3E5ECA32199A85D500B58A65 /* kirvis.jpg in Resources */ = {isa = PBXBuildFile; fileRef = 3E5ECA1C199A85D500B58A65 /* kirvis.jpg */; };
		3E5ECA33199A85D500B58A65 /* pianinas.jpg in Resources */ = {isa = PBXBuildFile; fileRef = 3E5ECA1D199A85D500B58A65 /* pianinas.jpg */; };
		3E5ECA34199A85D500B58A65 /* skateboard.jpg in Resources */ = {isa = PBXBuildFile; fileRef = 3E5ECA1E199A85D500B58A65 /* skateboard.jpg */; };
		3E5ECA35199A85D500B58A65 /* skull.jpg in Resources */ = {isa = PBXBuildFile; fileRef = 3E5ECA1F199A85D500B58A65 /* skull.jpg */; };
		3E5ECA36199A85D500B58A65 /* sports_car.jpg in Resources */ = {isa = PBXBuildFile; fileRef = 3E5ECA20199A85D500B58A65 /* sports_car.jpg */; };
		3E5ECA37199A85D500B58A65 /* tea_pot.jpg in Resources */ = {isa = PBXBuildFile; fileRef = 3E5ECA21199A85D500B58A65 /* tea_pot.jpg */; };
		3E5ECA38199A85D500B58A65 /* vilkas.jpg in Resources */ = {isa = PBXBuildFile; fileRef = 3E5ECA22199A85D500B58A65 /* vilkas.jpg */; };
		3E5ECA3B199A85D500B58A65 /* woman.jpg in Resources */ = {isa = PBXBuildFile; fileRef = 3E5ECA26199A85D500B58A65 /* woman.jpg */; };
		3E5ECA3F199A96CC00B58A65 /* mistika.wav in Resources */ = {isa = PBXBuildFile; fileRef = 3E5ECA3E199A96CC00B58A65 /* mistika.wav */; };
		3E9C4EB0198AB350000AF68C /* AppDelegate.swift in Sources */ = {isa = PBXBuildFile; fileRef = 3E9C4EAF198AB350000AF68C /* AppDelegate.swift */; };
		3E9C4EB2198AB350000AF68C /* ViewController.swift in Sources */ = {isa = PBXBuildFile; fileRef = 3E9C4EB1198AB350000AF68C /* ViewController.swift */; };
		3E9C4EB7198AB350000AF68C /* Images.xcassets in Resources */ = {isa = PBXBuildFile; fileRef = 3E9C4EB6198AB350000AF68C /* Images.xcassets */; };
		3E9C4EC3198AB350000AF68C /* MistikATests.swift in Sources */ = {isa = PBXBuildFile; fileRef = 3E9C4EC2198AB350000AF68C /* MistikATests.swift */; };
		3E9C4F13198AB3ED000AF68C /* birds.png in Resources */ = {isa = PBXBuildFile; fileRef = 3E9C4ECC198AB3ED000AF68C /* birds.png */; };
		3E9C4F14198AB3ED000AF68C /* ChooseLevelCell.xib in Resources */ = {isa = PBXBuildFile; fileRef = 3E9C4ECE198AB3ED000AF68C /* ChooseLevelCell.xib */; };
		3E9C4F15198AB3ED000AF68C /* church.png in Resources */ = {isa = PBXBuildFile; fileRef = 3E9C4ECF198AB3ED000AF68C /* church.png */; };
		3E9C4F16198AB3ED000AF68C /* BaseViewController.swift in Sources */ = {isa = PBXBuildFile; fileRef = 3E9C4ED1198AB3ED000AF68C /* BaseViewController.swift */; };
		3E9C4F17198AB3ED000AF68C /* ChooseLevelCell.swift in Sources */ = {isa = PBXBuildFile; fileRef = 3E9C4ED2198AB3ED000AF68C /* ChooseLevelCell.swift */; };
		3E9C4F18198AB3ED000AF68C /* FindPalepeViewController.swift in Sources */ = {isa = PBXBuildFile; fileRef = 3E9C4ED3198AB3ED000AF68C /* FindPalepeViewController.swift */; };
		3E9C4F19198AB3ED000AF68C /* _FlappyMain.storyboard_.storyboard in Resources */ = {isa = PBXBuildFile; fileRef = 3E9C4ED5198AB3ED000AF68C /* _FlappyMain.storyboard_.storyboard */; };
		3E9C4F1A198AB3ED000AF68C /* FlappyMain.storyboard in Resources */ = {isa = PBXBuildFile; fileRef = 3E9C4ED7198AB3ED000AF68C /* FlappyMain.storyboard */; };
		3E9C4F1B198AB3ED000AF68C /* FlappyViewController.m in Sources */ = {isa = PBXBuildFile; fileRef = 3E9C4ED9198AB3ED000AF68C /* FlappyViewController.m */; };
		3E9C4F1C198AB3ED000AF68C /* Score.m in Sources */ = {isa = PBXBuildFile; fileRef = 3E9C4EDD198AB3ED000AF68C /* Score.m */; };
		3E9C4F1D198AB3ED000AF68C /* back@2x.png in Resources */ = {isa = PBXBuildFile; fileRef = 3E9C4EDF198AB3ED000AF68C /* back@2x.png */; };
		3E9C4F1E198AB3ED000AF68C /* bird_1@2x.png in Resources */ = {isa = PBXBuildFile; fileRef = 3E9C4EE0198AB3ED000AF68C /* bird_1@2x.png */; };
		3E9C4F1F198AB3ED000AF68C /* bird_2@2x.png in Resources */ = {isa = PBXBuildFile; fileRef = 3E9C4EE1198AB3ED000AF68C /* bird_2@2x.png */; };
		3E9C4F20198AB3ED000AF68C /* bird_3@2x.png in Resources */ = {isa = PBXBuildFile; fileRef = 3E9C4EE2198AB3ED000AF68C /* bird_3@2x.png */; };
		3E9C4F21198AB3ED000AF68C /* floor@2x.png in Resources */ = {isa = PBXBuildFile; fileRef = 3E9C4EE3198AB3ED000AF68C /* floor@2x.png */; };
		3E9C4F22198AB3ED000AF68C /* game_over@2x.png in Resources */ = {isa = PBXBuildFile; fileRef = 3E9C4EE4198AB3ED000AF68C /* game_over@2x.png */; };
		3E9C4F23198AB3ED000AF68C /* get_ready@2x.png in Resources */ = {isa = PBXBuildFile; fileRef = 3E9C4EE5198AB3ED000AF68C /* get_ready@2x.png */; };
		3E9C4F24198AB3ED000AF68C /* medal_bronze@2x.png in Resources */ = {isa = PBXBuildFile; fileRef = 3E9C4EE6198AB3ED000AF68C /* medal_bronze@2x.png */; };
		3E9C4F25198AB3ED000AF68C /* medal_gold@2x.png in Resources */ = {isa = PBXBuildFile; fileRef = 3E9C4EE7198AB3ED000AF68C /* medal_gold@2x.png */; };
		3E9C4F26198AB3ED000AF68C /* medal_plate@2x.png in Resources */ = {isa = PBXBuildFile; fileRef = 3E9C4EE8198AB3ED000AF68C /* medal_plate@2x.png */; };
		3E9C4F27198AB3ED000AF68C /* medal_platinum@2x.png in Resources */ = {isa = PBXBuildFile; fileRef = 3E9C4EE9198AB3ED000AF68C /* medal_platinum@2x.png */; };
		3E9C4F28198AB3ED000AF68C /* medal_silver@2x.png in Resources */ = {isa = PBXBuildFile; fileRef = 3E9C4EEA198AB3ED000AF68C /* medal_silver@2x.png */; };
		3E9C4F29198AB3ED000AF68C /* pipe_bottom@2x.png in Resources */ = {isa = PBXBuildFile; fileRef = 3E9C4EEB198AB3ED000AF68C /* pipe_bottom@2x.png */; };
		3E9C4F2A198AB3ED000AF68C /* pipe_top@2x.png in Resources */ = {isa = PBXBuildFile; fileRef = 3E9C4EEC198AB3ED000AF68C /* pipe_top@2x.png */; };
		3E9C4F2B198AB3ED000AF68C /* taptap@2x.png in Resources */ = {isa = PBXBuildFile; fileRef = 3E9C4EED198AB3ED000AF68C /* taptap@2x.png */; };
		3E9C4F2C198AB3ED000AF68C /* BirdNode.m in Sources */ = {isa = PBXBuildFile; fileRef = 3E9C4EF0198AB3ED000AF68C /* BirdNode.m */; };
		3E9C4F2D198AB3ED000AF68C /* Scene.m in Sources */ = {isa = PBXBuildFile; fileRef = 3E9C4EF2198AB3ED000AF68C /* Scene.m */; };
		3E9C4F2E198AB3ED000AF68C /* SKScrollingNode.m in Sources */ = {isa = PBXBuildFile; fileRef = 3E9C4EF4198AB3ED000AF68C /* SKScrollingNode.m */; };
		3E9C4F2F198AB3ED000AF68C /* GameController.swift in Sources */ = {isa = PBXBuildFile; fileRef = 3E9C4EF5198AB3ED000AF68C /* GameController.swift */; };
		3E9C4F30198AB3ED000AF68C /* LevelCollectionViewController.swift in Sources */ = {isa = PBXBuildFile; fileRef = 3E9C4EF6198AB3ED000AF68C /* LevelCollectionViewController.swift */; };
		3E9C4F31198AB3ED000AF68C /* LevelsViewController.swift in Sources */ = {isa = PBXBuildFile; fileRef = 3E9C4EF7198AB3ED000AF68C /* LevelsViewController.swift */; };
		3E9C4F32198AB3ED000AF68C /* MapRiddleViewController.swift in Sources */ = {isa = PBXBuildFile; fileRef = 3E9C4EF8198AB3ED000AF68C /* MapRiddleViewController.swift */; };
		3E9C4F33198AB3ED000AF68C /* OpticalIllusionViewController.swift in Sources */ = {isa = PBXBuildFile; fileRef = 3E9C4EF9198AB3ED000AF68C /* OpticalIllusionViewController.swift */; };
		3E9C4F34198AB3ED000AF68C /* PuzzleEnum.swift in Sources */ = {isa = PBXBuildFile; fileRef = 3E9C4EFA198AB3ED000AF68C /* PuzzleEnum.swift */; };
		3E9C4F35198AB3ED000AF68C /* StarEmitterView.swift in Sources */ = {isa = PBXBuildFile; fileRef = 3E9C4EFB198AB3ED000AF68C /* StarEmitterView.swift */; };
		3E9C4F36198AB3ED000AF68C /* compass.png in Resources */ = {isa = PBXBuildFile; fileRef = 3E9C4EFC198AB3ED000AF68C /* compass.png */; };
		3E9C4F37198AB3ED000AF68C /* devil.png in Resources */ = {isa = PBXBuildFile; fileRef = 3E9C4EFD198AB3ED000AF68C /* devil.png */; };
		3E9C4F38198AB3ED000AF68C /* epic_win2.jpeg in Resources */ = {isa = PBXBuildFile; fileRef = 3E9C4EFE198AB3ED000AF68C /* epic_win2.jpeg */; };
		3E9C4F39198AB3ED000AF68C /* epic-win.jpg in Resources */ = {isa = PBXBuildFile; fileRef = 3E9C4EFF198AB3ED000AF68C /* epic-win.jpg */; };
		3E9C4F3A198AB3ED000AF68C /* ferox.png in Resources */ = {isa = PBXBuildFile; fileRef = 3E9C4F00198AB3ED000AF68C /* ferox.png */; };
		3E9C4F3B198AB3ED000AF68C /* fibonacci.png in Resources */ = {isa = PBXBuildFile; fileRef = 3E9C4F01198AB3ED000AF68C /* fibonacci.png */; };
		3E9C4F3C198AB3ED000AF68C /* illiusion1.jpg in Resources */ = {isa = PBXBuildFile; fileRef = 3E9C4F03198AB3ED000AF68C /* illiusion1.jpg */; };
		3E9C4F3D198AB3ED000AF68C /* illiusion10.jpg in Resources */ = {isa = PBXBuildFile; fileRef = 3E9C4F04198AB3ED000AF68C /* illiusion10.jpg */; };
		3E9C4F3E198AB3ED000AF68C /* illiusion11.jpg in Resources */ = {isa = PBXBuildFile; fileRef = 3E9C4F05198AB3ED000AF68C /* illiusion11.jpg */; };
		3E9C4F3F198AB3ED000AF68C /* illiusion12.jpg in Resources */ = {isa = PBXBuildFile; fileRef = 3E9C4F06198AB3ED000AF68C /* illiusion12.jpg */; };
		3E9C4F40198AB3ED000AF68C /* illiusion13.jpg in Resources */ = {isa = PBXBuildFile; fileRef = 3E9C4F07198AB3ED000AF68C /* illiusion13.jpg */; };
		3E9C4F41198AB3ED000AF68C /* illiusion14.jpg in Resources */ = {isa = PBXBuildFile; fileRef = 3E9C4F08198AB3ED000AF68C /* illiusion14.jpg */; };
		3E9C4F42198AB3ED000AF68C /* illiusion2.jpg in Resources */ = {isa = PBXBuildFile; fileRef = 3E9C4F09198AB3ED000AF68C /* illiusion2.jpg */; };
		3E9C4F43198AB3ED000AF68C /* illiusion3.jpg in Resources */ = {isa = PBXBuildFile; fileRef = 3E9C4F0A198AB3ED000AF68C /* illiusion3.jpg */; };
		3E9C4F44198AB3ED000AF68C /* illiusion4.jpg in Resources */ = {isa = PBXBuildFile; fileRef = 3E9C4F0B198AB3ED000AF68C /* illiusion4.jpg */; };
		3E9C4F45198AB3ED000AF68C /* illiusion5.jpg in Resources */ = {isa = PBXBuildFile; fileRef = 3E9C4F0C198AB3ED000AF68C /* illiusion5.jpg */; };
		3E9C4F46198AB3ED000AF68C /* illiusion6.jpg in Resources */ = {isa = PBXBuildFile; fileRef = 3E9C4F0D198AB3ED000AF68C /* illiusion6.jpg */; };
		3E9C4F47198AB3ED000AF68C /* illiusion7.jpg in Resources */ = {isa = PBXBuildFile; fileRef = 3E9C4F0E198AB3ED000AF68C /* illiusion7.jpg */; };
		3E9C4F48198AB3ED000AF68C /* illiusion8.jpg in Resources */ = {isa = PBXBuildFile; fileRef = 3E9C4F0F198AB3ED000AF68C /* illiusion8.jpg */; };
		3E9C4F49198AB3ED000AF68C /* illiusion9.jpg in Resources */ = {isa = PBXBuildFile; fileRef = 3E9C4F10198AB3ED000AF68C /* illiusion9.jpg */; };
		3E9C4F4B198AB3ED000AF68C /* IndoorPuzzleViewController.swift in Sources */ = {isa = PBXBuildFile; fileRef = 3E9C4F12198AB3ED000AF68C /* IndoorPuzzleViewController.swift */; };
		3E9C4F87198AB3FC000AF68C /* master_criminal_achievement.png in Resources */ = {isa = PBXBuildFile; fileRef = 3E9C4F5C198AB3FC000AF68C /* master_criminal_achievement.png */; };
		3E9C4F88198AB3FC000AF68C /* MDMatrix.m in Sources */ = {isa = PBXBuildFile; fileRef = 3E9C4F5F198AB3FC000AF68C /* MDMatrix.m */; };
		3E9C4F89198AB3FC000AF68C /* MDScratchImageView.mm in Sources */ = {isa = PBXBuildFile; fileRef = 3E9C4F61198AB3FC000AF68C /* MDScratchImageView.mm */; };
		3E9C4F8A198AB3FC000AF68C /* particle.png in Resources */ = {isa = PBXBuildFile; fileRef = 3E9C4F62198AB3FC000AF68C /* particle.png */; };
		3E9C4F8B198AB3FC000AF68C /* question_block.png in Resources */ = {isa = PBXBuildFile; fileRef = 3E9C4F63198AB3FC000AF68C /* question_block.png */; };
		3E9C4F8C198AB3FC000AF68C /* tiger.jpg in Resources */ = {isa = PBXBuildFile; fileRef = 3E9C4F64198AB3FC000AF68C /* tiger.jpg */; };
		3E9C4F8D198AB3FC000AF68C /* wallpaper.jpg in Resources */ = {isa = PBXBuildFile; fileRef = 3E9C4F65198AB3FC000AF68C /* wallpaper.jpg */; };
		3E9C4F8E198AB3FC000AF68C /* wrong1.mp3 in Resources */ = {isa = PBXBuildFile; fileRef = 3E9C4F67198AB3FC000AF68C /* wrong1.mp3 */; };
		3E9C4F8F198AB3FC000AF68C /* wrong10.mp3 in Resources */ = {isa = PBXBuildFile; fileRef = 3E9C4F68198AB3FC000AF68C /* wrong10.mp3 */; };
		3E9C4F90198AB3FC000AF68C /* wrong11.mp3 in Resources */ = {isa = PBXBuildFile; fileRef = 3E9C4F69198AB3FC000AF68C /* wrong11.mp3 */; };
		3E9C4F91198AB3FC000AF68C /* wrong12.mp3 in Resources */ = {isa = PBXBuildFile; fileRef = 3E9C4F6A198AB3FC000AF68C /* wrong12.mp3 */; };
		3E9C4F92198AB3FC000AF68C /* wrong13.mp3 in Resources */ = {isa = PBXBuildFile; fileRef = 3E9C4F6B198AB3FC000AF68C /* wrong13.mp3 */; };
		3E9C4F93198AB3FC000AF68C /* wrong14.mp3 in Resources */ = {isa = PBXBuildFile; fileRef = 3E9C4F6C198AB3FC000AF68C /* wrong14.mp3 */; };
		3E9C4F94198AB3FC000AF68C /* wrong15.mp3 in Resources */ = {isa = PBXBuildFile; fileRef = 3E9C4F6D198AB3FC000AF68C /* wrong15.mp3 */; };
		3E9C4F95198AB3FC000AF68C /* wrong16.mp3 in Resources */ = {isa = PBXBuildFile; fileRef = 3E9C4F6E198AB3FC000AF68C /* wrong16.mp3 */; };
		3E9C4F96198AB3FC000AF68C /* wrong17.mp3 in Resources */ = {isa = PBXBuildFile; fileRef = 3E9C4F6F198AB3FC000AF68C /* wrong17.mp3 */; };
		3E9C4F97198AB3FC000AF68C /* wrong18.mp3 in Resources */ = {isa = PBXBuildFile; fileRef = 3E9C4F70198AB3FC000AF68C /* wrong18.mp3 */; };
		3E9C4F98198AB3FC000AF68C /* wrong2.mp3 in Resources */ = {isa = PBXBuildFile; fileRef = 3E9C4F71198AB3FC000AF68C /* wrong2.mp3 */; };
		3E9C4F99198AB3FC000AF68C /* wrong3.mp3 in Resources */ = {isa = PBXBuildFile; fileRef = 3E9C4F72198AB3FC000AF68C /* wrong3.mp3 */; };
		3E9C4F9A198AB3FC000AF68C /* wrong4.mp3 in Resources */ = {isa = PBXBuildFile; fileRef = 3E9C4F73198AB3FC000AF68C /* wrong4.mp3 */; };
		3E9C4F9B198AB3FC000AF68C /* wrong5.mp3 in Resources */ = {isa = PBXBuildFile; fileRef = 3E9C4F74198AB3FC000AF68C /* wrong5.mp3 */; };
		3E9C4F9C198AB3FC000AF68C /* wrong6.mp3 in Resources */ = {isa = PBXBuildFile; fileRef = 3E9C4F75198AB3FC000AF68C /* wrong6.mp3 */; };
		3E9C4F9D198AB3FC000AF68C /* wrong7.mp3 in Resources */ = {isa = PBXBuildFile; fileRef = 3E9C4F76198AB3FC000AF68C /* wrong7.mp3 */; };
		3E9C4F9E198AB3FC000AF68C /* wrong8.mp3 in Resources */ = {isa = PBXBuildFile; fileRef = 3E9C4F77198AB3FC000AF68C /* wrong8.mp3 */; };
		3E9C4F9F198AB3FC000AF68C /* wrong9.mp3 in Resources */ = {isa = PBXBuildFile; fileRef = 3E9C4F78198AB3FC000AF68C /* wrong9.mp3 */; };
		3EE6041919A225AB0072EA00 /* CountdownViewController.swift in Sources */ = {isa = PBXBuildFile; fileRef = 3EE6041819A225AB0072EA00 /* CountdownViewController.swift */; };
/* End PBXBuildFile section */

/* Begin PBXContainerItemProxy section */
		3E9C4EBD198AB350000AF68C /* PBXContainerItemProxy */ = {
			isa = PBXContainerItemProxy;
			containerPortal = 3E9C4EA2198AB350000AF68C /* Project object */;
			proxyType = 1;
			remoteGlobalIDString = 3E9C4EA9198AB350000AF68C;
			remoteInfo = MistikA;
		};
/* End PBXContainerItemProxy section */

/* Begin PBXFileReference section */
		3E15356B1A20D9030073F149 /* laugh.aiff */ = {isa = PBXFileReference; lastKnownFileType = audio.aiff; path = laugh.aiff; sourceTree = "<group>"; };
		3E15356D1A2324EF0073F149 /* FinalPuzzleViewController.swift */ = {isa = PBXFileReference; fileEncoding = 4; lastKnownFileType = sourcecode.swift; path = FinalPuzzleViewController.swift; sourceTree = "<group>"; };
		3E15356F1A23274B0073F149 /* dream.mp3 */ = {isa = PBXFileReference; lastKnownFileType = audio.mp3; path = dream.mp3; sourceTree = "<group>"; };
		3E1535721A232A7C0073F149 /* klau.jpg */ = {isa = PBXFileReference; lastKnownFileType = image.jpeg; path = klau.jpg; sourceTree = "<group>"; };
		3E1535731A232A7C0073F149 /* rasa.jpg */ = {isa = PBXFileReference; lastKnownFileType = image.jpeg; path = rasa.jpg; sourceTree = "<group>"; };
		3E1535741A232A7C0073F149 /* sima.jpg */ = {isa = PBXFileReference; lastKnownFileType = image.jpeg; path = sima.jpg; sourceTree = "<group>"; };
		3E1535751A232A7C0073F149 /* tau.jpg */ = {isa = PBXFileReference; lastKnownFileType = image.jpeg; path = tau.jpg; sourceTree = "<group>"; };
		3E1535761A232A7C0073F149 /* turiu.jpg */ = {isa = PBXFileReference; lastKnownFileType = image.jpeg; path = turiu.jpg; sourceTree = "<group>"; };
		3E15357C1A23330C0073F149 /* final_win.jpg */ = {isa = PBXFileReference; lastKnownFileType = image.jpeg; path = final_win.jpg; sourceTree = "<group>"; };
		3E2936431A207C2F0040D13F /* LTEasing.swift */ = {isa = PBXFileReference; fileEncoding = 4; lastKnownFileType = sourcecode.swift; path = LTEasing.swift; sourceTree = "<group>"; };
		3E2936441A207C2F0040D13F /* LTMorphingLabel+Anvil.swift */ = {isa = PBXFileReference; fileEncoding = 4; lastKnownFileType = sourcecode.swift; path = "LTMorphingLabel+Anvil.swift"; sourceTree = "<group>"; };
		3E2936451A207C2F0040D13F /* LTMorphingLabel+Burn.swift */ = {isa = PBXFileReference; fileEncoding = 4; lastKnownFileType = sourcecode.swift; path = "LTMorphingLabel+Burn.swift"; sourceTree = "<group>"; };
		3E2936461A207C2F0040D13F /* LTMorphingLabel+Evaporate.swift */ = {isa = PBXFileReference; fileEncoding = 4; lastKnownFileType = sourcecode.swift; path = "LTMorphingLabel+Evaporate.swift"; sourceTree = "<group>"; };
		3E2936471A207C2F0040D13F /* LTMorphingLabel+Fall.swift */ = {isa = PBXFileReference; fileEncoding = 4; lastKnownFileType = sourcecode.swift; path = "LTMorphingLabel+Fall.swift"; sourceTree = "<group>"; };
		3E2936481A207C2F0040D13F /* LTMorphingLabel+Pixelate.swift */ = {isa = PBXFileReference; fileEncoding = 4; lastKnownFileType = sourcecode.swift; path = "LTMorphingLabel+Pixelate.swift"; sourceTree = "<group>"; };
		3E2936491A207C2F0040D13F /* LTMorphingLabel+Sparkle.swift */ = {isa = PBXFileReference; fileEncoding = 4; lastKnownFileType = sourcecode.swift; path = "LTMorphingLabel+Sparkle.swift"; sourceTree = "<group>"; };
		3E29364A1A207C2F0040D13F /* LTMorphingLabel.swift */ = {isa = PBXFileReference; fileEncoding = 4; lastKnownFileType = sourcecode.swift; path = LTMorphingLabel.swift; sourceTree = "<group>"; };
		3E29364B1A207C2F0040D13F /* NSString+LTMorphingLabel.swift */ = {isa = PBXFileReference; fileEncoding = 4; lastKnownFileType = sourcecode.swift; path = "NSString+LTMorphingLabel.swift"; sourceTree = "<group>"; };
		3E29364D1A207C2F0040D13F /* Fire.png */ = {isa = PBXFileReference; lastKnownFileType = image.png; path = Fire.png; sourceTree = "<group>"; };
		3E29364E1A207C2F0040D13F /* Fragment.png */ = {isa = PBXFileReference; lastKnownFileType = image.png; path = Fragment.png; sourceTree = "<group>"; };
		3E29364F1A207C2F0040D13F /* Smoke.png */ = {isa = PBXFileReference; lastKnownFileType = image.png; path = Smoke.png; sourceTree = "<group>"; };
		3E2936501A207C2F0040D13F /* Sparkle.png */ = {isa = PBXFileReference; lastKnownFileType = image.png; path = Sparkle.png; sourceTree = "<group>"; };
		3E584F481999791B0081CB6E /* QuartzCore.framework */ = {isa = PBXFileReference; lastKnownFileType = wrapper.framework; name = QuartzCore.framework; path = System/Library/Frameworks/QuartzCore.framework; sourceTree = SDKROOT; };
		3E5ECA0A199A5D7200B58A65 /* somuchwin.jpg */ = {isa = PBXFileReference; lastKnownFileType = image.jpeg; path = somuchwin.jpg; sourceTree = "<group>"; };
		3E5ECA0C199A724500B58A65 /* StereoIllusionViewController.swift */ = {isa = PBXFileReference; fileEncoding = 4; lastKnownFileType = sourcecode.swift; path = StereoIllusionViewController.swift; sourceTree = "<group>"; };
		3E5ECA0E199A808D00B58A65 /* winnerisyou.jpg */ = {isa = PBXFileReference; lastKnownFileType = image.jpeg; path = winnerisyou.jpg; sourceTree = "<group>"; };
		3E5ECA12199A85D500B58A65 /* ant.jpg */ = {isa = PBXFileReference; lastKnownFileType = image.jpeg; path = ant.jpg; sourceTree = "<group>"; };
		3E5ECA13199A85D500B58A65 /* cow.jpg */ = {isa = PBXFileReference; lastKnownFileType = image.jpeg; path = cow.jpg; sourceTree = "<group>"; };
		3E5ECA14199A85D500B58A65 /* dolphins.jpg */ = {isa = PBXFileReference; lastKnownFileType = image.jpeg; path = dolphins.jpg; sourceTree = "<group>"; };
		3E5ECA15199A85D500B58A65 /* drakonas.jpg */ = {isa = PBXFileReference; lastKnownFileType = image.jpeg; path = drakonas.jpg; sourceTree = "<group>"; };
		3E5ECA16199A85D500B58A65 /* drugelis.jpg */ = {isa = PBXFileReference; lastKnownFileType = image.jpeg; path = drugelis.jpg; sourceTree = "<group>"; };
		3E5ECA17199A85D500B58A65 /* flying_bird.jpg */ = {isa = PBXFileReference; lastKnownFileType = image.jpeg; path = flying_bird.jpg; sourceTree = "<group>"; };
		3E5ECA18199A85D500B58A65 /* gorilla.jpg */ = {isa = PBXFileReference; lastKnownFileType = image.jpeg; path = gorilla.jpg; sourceTree = "<group>"; };
		3E5ECA19199A85D500B58A65 /* heart.jpg */ = {isa = PBXFileReference; lastKnownFileType = image.jpeg; path = heart.jpg; sourceTree = "<group>"; };
		3E5ECA1A199A85D500B58A65 /* infinity.jpg */ = {isa = PBXFileReference; lastKnownFileType = image.jpeg; path = infinity.jpg; sourceTree = "<group>"; };
		3E5ECA1B199A85D500B58A65 /* kaukole.jpg */ = {isa = PBXFileReference; lastKnownFileType = image.jpeg; path = kaukole.jpg; sourceTree = "<group>"; };
		3E5ECA1C199A85D500B58A65 /* kirvis.jpg */ = {isa = PBXFileReference; lastKnownFileType = image.jpeg; path = kirvis.jpg; sourceTree = "<group>"; };
		3E5ECA1D199A85D500B58A65 /* pianinas.jpg */ = {isa = PBXFileReference; lastKnownFileType = image.jpeg; path = pianinas.jpg; sourceTree = "<group>"; };
		3E5ECA1E199A85D500B58A65 /* skateboard.jpg */ = {isa = PBXFileReference; lastKnownFileType = image.jpeg; path = skateboard.jpg; sourceTree = "<group>"; };
		3E5ECA1F199A85D500B58A65 /* skull.jpg */ = {isa = PBXFileReference; lastKnownFileType = image.jpeg; path = skull.jpg; sourceTree = "<group>"; };
		3E5ECA20199A85D500B58A65 /* sports_car.jpg */ = {isa = PBXFileReference; lastKnownFileType = image.jpeg; path = sports_car.jpg; sourceTree = "<group>"; };
		3E5ECA21199A85D500B58A65 /* tea_pot.jpg */ = {isa = PBXFileReference; lastKnownFileType = image.jpeg; path = tea_pot.jpg; sourceTree = "<group>"; };
		3E5ECA22199A85D500B58A65 /* vilkas.jpg */ = {isa = PBXFileReference; lastKnownFileType = image.jpeg; path = vilkas.jpg; sourceTree = "<group>"; };
		3E5ECA26199A85D500B58A65 /* woman.jpg */ = {isa = PBXFileReference; lastKnownFileType = image.jpeg; path = woman.jpg; sourceTree = "<group>"; };
		3E5ECA3E199A96CC00B58A65 /* mistika.wav */ = {isa = PBXFileReference; lastKnownFileType = audio.wav; path = mistika.wav; sourceTree = "<group>"; };
		3E9C4EAA198AB350000AF68C /* MistikA.app */ = {isa = PBXFileReference; explicitFileType = wrapper.application; includeInIndex = 0; path = MistikA.app; sourceTree = BUILT_PRODUCTS_DIR; };
		3E9C4EAE198AB350000AF68C /* Info.plist */ = {isa = PBXFileReference; lastKnownFileType = text.plist.xml; path = Info.plist; sourceTree = "<group>"; };
		3E9C4EAF198AB350000AF68C /* AppDelegate.swift */ = {isa = PBXFileReference; lastKnownFileType = sourcecode.swift; name = AppDelegate.swift; path = ../AppDelegate.swift; sourceTree = "<group>"; };
		3E9C4EB1198AB350000AF68C /* ViewController.swift */ = {isa = PBXFileReference; lastKnownFileType = sourcecode.swift; name = ViewController.swift; path = ../ViewController.swift; sourceTree = "<group>"; };
		3E9C4EB4198AB350000AF68C /* Base */ = {isa = PBXFileReference; lastKnownFileType = file.storyboard; name = Base; path = Base.lproj/Main.storyboard; sourceTree = "<group>"; };
		3E9C4EB6198AB350000AF68C /* Images.xcassets */ = {isa = PBXFileReference; lastKnownFileType = folder.assetcatalog; path = Images.xcassets; sourceTree = "<group>"; };
		3E9C4EBC198AB350000AF68C /* MistikATests.xctest */ = {isa = PBXFileReference; explicitFileType = wrapper.cfbundle; includeInIndex = 0; path = MistikATests.xctest; sourceTree = BUILT_PRODUCTS_DIR; };
		3E9C4EC1198AB350000AF68C /* Info.plist */ = {isa = PBXFileReference; lastKnownFileType = text.plist.xml; path = Info.plist; sourceTree = "<group>"; };
		3E9C4EC2198AB350000AF68C /* MistikATests.swift */ = {isa = PBXFileReference; lastKnownFileType = sourcecode.swift; path = MistikATests.swift; sourceTree = "<group>"; };
		3E9C4ECC198AB3ED000AF68C /* birds.png */ = {isa = PBXFileReference; lastKnownFileType = image.png; path = birds.png; sourceTree = "<group>"; };
		3E9C4ECD198AB3ED000AF68C /* BridgingHeader.h */ = {isa = PBXFileReference; fileEncoding = 4; lastKnownFileType = sourcecode.c.h; path = BridgingHeader.h; sourceTree = "<group>"; };
		3E9C4ECE198AB3ED000AF68C /* ChooseLevelCell.xib */ = {isa = PBXFileReference; fileEncoding = 4; lastKnownFileType = file.xib; name = ChooseLevelCell.xib; path = ../ChooseLevelCell.xib; sourceTree = "<group>"; };
		3E9C4ECF198AB3ED000AF68C /* church.png */ = {isa = PBXFileReference; lastKnownFileType = image.png; path = church.png; sourceTree = "<group>"; };
		3E9C4ED1198AB3ED000AF68C /* BaseViewController.swift */ = {isa = PBXFileReference; fileEncoding = 4; lastKnownFileType = sourcecode.swift; path = BaseViewController.swift; sourceTree = "<group>"; };
		3E9C4ED2198AB3ED000AF68C /* ChooseLevelCell.swift */ = {isa = PBXFileReference; fileEncoding = 4; lastKnownFileType = sourcecode.swift; path = ChooseLevelCell.swift; sourceTree = "<group>"; };
		3E9C4ED3198AB3ED000AF68C /* FindPalepeViewController.swift */ = {isa = PBXFileReference; fileEncoding = 4; lastKnownFileType = sourcecode.swift; path = FindPalepeViewController.swift; sourceTree = "<group>"; };
		3E9C4ED5198AB3ED000AF68C /* _FlappyMain.storyboard_.storyboard */ = {isa = PBXFileReference; fileEncoding = 4; lastKnownFileType = file.storyboard; path = _FlappyMain.storyboard_.storyboard; sourceTree = "<group>"; };
		3E9C4ED6198AB3ED000AF68C /* Constants.h */ = {isa = PBXFileReference; fileEncoding = 4; lastKnownFileType = sourcecode.c.h; path = Constants.h; sourceTree = "<group>"; };
		3E9C4ED7198AB3ED000AF68C /* FlappyMain.storyboard */ = {isa = PBXFileReference; fileEncoding = 4; lastKnownFileType = file.storyboard; path = FlappyMain.storyboard; sourceTree = "<group>"; };
		3E9C4ED8198AB3ED000AF68C /* FlappyViewController.h */ = {isa = PBXFileReference; fileEncoding = 4; lastKnownFileType = sourcecode.c.h; path = FlappyViewController.h; sourceTree = "<group>"; };
		3E9C4ED9198AB3ED000AF68C /* FlappyViewController.m */ = {isa = PBXFileReference; fileEncoding = 4; lastKnownFileType = sourcecode.c.objc; path = FlappyViewController.m; sourceTree = "<group>"; };
		3E9C4EDA198AB3ED000AF68C /* Macros.h */ = {isa = PBXFileReference; fileEncoding = 4; lastKnownFileType = sourcecode.c.h; path = Macros.h; sourceTree = "<group>"; };
		3E9C4EDC198AB3ED000AF68C /* Score.h */ = {isa = PBXFileReference; fileEncoding = 4; lastKnownFileType = sourcecode.c.h; path = Score.h; sourceTree = "<group>"; };
		3E9C4EDD198AB3ED000AF68C /* Score.m */ = {isa = PBXFileReference; fileEncoding = 4; lastKnownFileType = sourcecode.c.objc; path = Score.m; sourceTree = "<group>"; };
		3E9C4EDF198AB3ED000AF68C /* back@2x.png */ = {isa = PBXFileReference; lastKnownFileType = image.png; path = "back@2x.png"; sourceTree = "<group>"; };
		3E9C4EE0198AB3ED000AF68C /* bird_1@2x.png */ = {isa = PBXFileReference; lastKnownFileType = image.png; path = "bird_1@2x.png"; sourceTree = "<group>"; };
		3E9C4EE1198AB3ED000AF68C /* bird_2@2x.png */ = {isa = PBXFileReference; lastKnownFileType = image.png; path = "bird_2@2x.png"; sourceTree = "<group>"; };
		3E9C4EE2198AB3ED000AF68C /* bird_3@2x.png */ = {isa = PBXFileReference; lastKnownFileType = image.png; path = "bird_3@2x.png"; sourceTree = "<group>"; };
		3E9C4EE3198AB3ED000AF68C /* floor@2x.png */ = {isa = PBXFileReference; lastKnownFileType = image.png; path = "floor@2x.png"; sourceTree = "<group>"; };
		3E9C4EE4198AB3ED000AF68C /* game_over@2x.png */ = {isa = PBXFileReference; lastKnownFileType = image.png; path = "game_over@2x.png"; sourceTree = "<group>"; };
		3E9C4EE5198AB3ED000AF68C /* get_ready@2x.png */ = {isa = PBXFileReference; lastKnownFileType = image.png; path = "get_ready@2x.png"; sourceTree = "<group>"; };
		3E9C4EE6198AB3ED000AF68C /* medal_bronze@2x.png */ = {isa = PBXFileReference; lastKnownFileType = image.png; path = "medal_bronze@2x.png"; sourceTree = "<group>"; };
		3E9C4EE7198AB3ED000AF68C /* medal_gold@2x.png */ = {isa = PBXFileReference; lastKnownFileType = image.png; path = "medal_gold@2x.png"; sourceTree = "<group>"; };
		3E9C4EE8198AB3ED000AF68C /* medal_plate@2x.png */ = {isa = PBXFileReference; lastKnownFileType = image.png; path = "medal_plate@2x.png"; sourceTree = "<group>"; };
		3E9C4EE9198AB3ED000AF68C /* medal_platinum@2x.png */ = {isa = PBXFileReference; lastKnownFileType = image.png; path = "medal_platinum@2x.png"; sourceTree = "<group>"; };
		3E9C4EEA198AB3ED000AF68C /* medal_silver@2x.png */ = {isa = PBXFileReference; lastKnownFileType = image.png; path = "medal_silver@2x.png"; sourceTree = "<group>"; };
		3E9C4EEB198AB3ED000AF68C /* pipe_bottom@2x.png */ = {isa = PBXFileReference; lastKnownFileType = image.png; path = "pipe_bottom@2x.png"; sourceTree = "<group>"; };
		3E9C4EEC198AB3ED000AF68C /* pipe_top@2x.png */ = {isa = PBXFileReference; lastKnownFileType = image.png; path = "pipe_top@2x.png"; sourceTree = "<group>"; };
		3E9C4EED198AB3ED000AF68C /* taptap@2x.png */ = {isa = PBXFileReference; lastKnownFileType = image.png; path = "taptap@2x.png"; sourceTree = "<group>"; };
		3E9C4EEF198AB3ED000AF68C /* BirdNode.h */ = {isa = PBXFileReference; fileEncoding = 4; lastKnownFileType = sourcecode.c.h; path = BirdNode.h; sourceTree = "<group>"; };
		3E9C4EF0198AB3ED000AF68C /* BirdNode.m */ = {isa = PBXFileReference; fileEncoding = 4; lastKnownFileType = sourcecode.c.objc; path = BirdNode.m; sourceTree = "<group>"; };
		3E9C4EF1198AB3ED000AF68C /* Scene.h */ = {isa = PBXFileReference; fileEncoding = 4; lastKnownFileType = sourcecode.c.h; path = Scene.h; sourceTree = "<group>"; };
		3E9C4EF2198AB3ED000AF68C /* Scene.m */ = {isa = PBXFileReference; fileEncoding = 4; lastKnownFileType = sourcecode.c.objc; path = Scene.m; sourceTree = "<group>"; };
		3E9C4EF3198AB3ED000AF68C /* SKScrollingNode.h */ = {isa = PBXFileReference; fileEncoding = 4; lastKnownFileType = sourcecode.c.h; path = SKScrollingNode.h; sourceTree = "<group>"; };
		3E9C4EF4198AB3ED000AF68C /* SKScrollingNode.m */ = {isa = PBXFileReference; fileEncoding = 4; lastKnownFileType = sourcecode.c.objc; path = SKScrollingNode.m; sourceTree = "<group>"; };
		3E9C4EF5198AB3ED000AF68C /* GameController.swift */ = {isa = PBXFileReference; fileEncoding = 4; lastKnownFileType = sourcecode.swift; path = GameController.swift; sourceTree = "<group>"; };
		3E9C4EF6198AB3ED000AF68C /* LevelCollectionViewController.swift */ = {isa = PBXFileReference; fileEncoding = 4; lastKnownFileType = sourcecode.swift; path = LevelCollectionViewController.swift; sourceTree = "<group>"; };
		3E9C4EF7198AB3ED000AF68C /* LevelsViewController.swift */ = {isa = PBXFileReference; fileEncoding = 4; lastKnownFileType = sourcecode.swift; path = LevelsViewController.swift; sourceTree = "<group>"; };
		3E9C4EF8198AB3ED000AF68C /* MapRiddleViewController.swift */ = {isa = PBXFileReference; fileEncoding = 4; lastKnownFileType = sourcecode.swift; path = MapRiddleViewController.swift; sourceTree = "<group>"; };
		3E9C4EF9198AB3ED000AF68C /* OpticalIllusionViewController.swift */ = {isa = PBXFileReference; fileEncoding = 4; lastKnownFileType = sourcecode.swift; path = OpticalIllusionViewController.swift; sourceTree = "<group>"; };
		3E9C4EFA198AB3ED000AF68C /* PuzzleEnum.swift */ = {isa = PBXFileReference; fileEncoding = 4; lastKnownFileType = sourcecode.swift; path = PuzzleEnum.swift; sourceTree = "<group>"; };
		3E9C4EFB198AB3ED000AF68C /* StarEmitterView.swift */ = {isa = PBXFileReference; fileEncoding = 4; lastKnownFileType = sourcecode.swift; path = StarEmitterView.swift; sourceTree = "<group>"; };
		3E9C4EFC198AB3ED000AF68C /* compass.png */ = {isa = PBXFileReference; lastKnownFileType = image.png; path = compass.png; sourceTree = "<group>"; };
		3E9C4EFD198AB3ED000AF68C /* devil.png */ = {isa = PBXFileReference; lastKnownFileType = image.png; path = devil.png; sourceTree = "<group>"; };
		3E9C4EFE198AB3ED000AF68C /* epic_win2.jpeg */ = {isa = PBXFileReference; lastKnownFileType = image.jpeg; path = epic_win2.jpeg; sourceTree = "<group>"; };
		3E9C4EFF198AB3ED000AF68C /* epic-win.jpg */ = {isa = PBXFileReference; lastKnownFileType = image.jpeg; path = "epic-win.jpg"; sourceTree = "<group>"; };
		3E9C4F00198AB3ED000AF68C /* ferox.png */ = {isa = PBXFileReference; lastKnownFileType = image.png; path = ferox.png; sourceTree = "<group>"; };
		3E9C4F01198AB3ED000AF68C /* fibonacci.png */ = {isa = PBXFileReference; lastKnownFileType = image.png; path = fibonacci.png; sourceTree = "<group>"; };
		3E9C4F03198AB3ED000AF68C /* illiusion1.jpg */ = {isa = PBXFileReference; lastKnownFileType = image.jpeg; path = illiusion1.jpg; sourceTree = "<group>"; };
		3E9C4F04198AB3ED000AF68C /* illiusion10.jpg */ = {isa = PBXFileReference; lastKnownFileType = image.jpeg; path = illiusion10.jpg; sourceTree = "<group>"; };
		3E9C4F05198AB3ED000AF68C /* illiusion11.jpg */ = {isa = PBXFileReference; lastKnownFileType = image.jpeg; path = illiusion11.jpg; sourceTree = "<group>"; };
		3E9C4F06198AB3ED000AF68C /* illiusion12.jpg */ = {isa = PBXFileReference; lastKnownFileType = image.jpeg; path = illiusion12.jpg; sourceTree = "<group>"; };
		3E9C4F07198AB3ED000AF68C /* illiusion13.jpg */ = {isa = PBXFileReference; lastKnownFileType = image.jpeg; path = illiusion13.jpg; sourceTree = "<group>"; };
		3E9C4F08198AB3ED000AF68C /* illiusion14.jpg */ = {isa = PBXFileReference; lastKnownFileType = image.jpeg; path = illiusion14.jpg; sourceTree = "<group>"; };
		3E9C4F09198AB3ED000AF68C /* illiusion2.jpg */ = {isa = PBXFileReference; lastKnownFileType = image.jpeg; path = illiusion2.jpg; sourceTree = "<group>"; };
		3E9C4F0A198AB3ED000AF68C /* illiusion3.jpg */ = {isa = PBXFileReference; lastKnownFileType = image.jpeg; path = illiusion3.jpg; sourceTree = "<group>"; };
		3E9C4F0B198AB3ED000AF68C /* illiusion4.jpg */ = {isa = PBXFileReference; lastKnownFileType = image.jpeg; path = illiusion4.jpg; sourceTree = "<group>"; };
		3E9C4F0C198AB3ED000AF68C /* illiusion5.jpg */ = {isa = PBXFileReference; lastKnownFileType = image.jpeg; path = illiusion5.jpg; sourceTree = "<group>"; };
		3E9C4F0D198AB3ED000AF68C /* illiusion6.jpg */ = {isa = PBXFileReference; lastKnownFileType = image.jpeg; path = illiusion6.jpg; sourceTree = "<group>"; };
		3E9C4F0E198AB3ED000AF68C /* illiusion7.jpg */ = {isa = PBXFileReference; lastKnownFileType = image.jpeg; path = illiusion7.jpg; sourceTree = "<group>"; };
		3E9C4F0F198AB3ED000AF68C /* illiusion8.jpg */ = {isa = PBXFileReference; lastKnownFileType = image.jpeg; path = illiusion8.jpg; sourceTree = "<group>"; };
		3E9C4F10198AB3ED000AF68C /* illiusion9.jpg */ = {isa = PBXFileReference; lastKnownFileType = image.jpeg; path = illiusion9.jpg; sourceTree = "<group>"; };
		3E9C4F12198AB3ED000AF68C /* IndoorPuzzleViewController.swift */ = {isa = PBXFileReference; fileEncoding = 4; lastKnownFileType = sourcecode.swift; name = IndoorPuzzleViewController.swift; path = ../IndoorPuzzleViewController.swift; sourceTree = "<group>"; };
		3E9C4F5C198AB3FC000AF68C /* master_criminal_achievement.png */ = {isa = PBXFileReference; lastKnownFileType = image.png; path = master_criminal_achievement.png; sourceTree = "<group>"; };
		3E9C4F5E198AB3FC000AF68C /* MDMatrix.h */ = {isa = PBXFileReference; fileEncoding = 4; lastKnownFileType = sourcecode.c.h; path = MDMatrix.h; sourceTree = "<group>"; };
		3E9C4F5F198AB3FC000AF68C /* MDMatrix.m */ = {isa = PBXFileReference; fileEncoding = 4; lastKnownFileType = sourcecode.c.objc; path = MDMatrix.m; sourceTree = "<group>"; };
		3E9C4F60198AB3FC000AF68C /* MDScratchImageView.h */ = {isa = PBXFileReference; fileEncoding = 4; lastKnownFileType = sourcecode.c.h; path = MDScratchImageView.h; sourceTree = "<group>"; };
		3E9C4F61198AB3FC000AF68C /* MDScratchImageView.mm */ = {isa = PBXFileReference; fileEncoding = 4; lastKnownFileType = sourcecode.cpp.objcpp; path = MDScratchImageView.mm; sourceTree = "<group>"; };
		3E9C4F62198AB3FC000AF68C /* particle.png */ = {isa = PBXFileReference; lastKnownFileType = image.png; path = particle.png; sourceTree = "<group>"; };
		3E9C4F63198AB3FC000AF68C /* question_block.png */ = {isa = PBXFileReference; lastKnownFileType = image.png; path = question_block.png; sourceTree = "<group>"; };
		3E9C4F64198AB3FC000AF68C /* tiger.jpg */ = {isa = PBXFileReference; lastKnownFileType = image.jpeg; path = tiger.jpg; sourceTree = "<group>"; };
		3E9C4F65198AB3FC000AF68C /* wallpaper.jpg */ = {isa = PBXFileReference; lastKnownFileType = image.jpeg; path = wallpaper.jpg; sourceTree = "<group>"; };
		3E9C4F67198AB3FC000AF68C /* wrong1.mp3 */ = {isa = PBXFileReference; lastKnownFileType = audio.mp3; path = wrong1.mp3; sourceTree = "<group>"; };
		3E9C4F68198AB3FC000AF68C /* wrong10.mp3 */ = {isa = PBXFileReference; lastKnownFileType = audio.mp3; path = wrong10.mp3; sourceTree = "<group>"; };
		3E9C4F69198AB3FC000AF68C /* wrong11.mp3 */ = {isa = PBXFileReference; lastKnownFileType = audio.mp3; path = wrong11.mp3; sourceTree = "<group>"; };
		3E9C4F6A198AB3FC000AF68C /* wrong12.mp3 */ = {isa = PBXFileReference; lastKnownFileType = audio.mp3; path = wrong12.mp3; sourceTree = "<group>"; };
		3E9C4F6B198AB3FC000AF68C /* wrong13.mp3 */ = {isa = PBXFileReference; lastKnownFileType = audio.mp3; path = wrong13.mp3; sourceTree = "<group>"; };
		3E9C4F6C198AB3FC000AF68C /* wrong14.mp3 */ = {isa = PBXFileReference; lastKnownFileType = audio.mp3; path = wrong14.mp3; sourceTree = "<group>"; };
		3E9C4F6D198AB3FC000AF68C /* wrong15.mp3 */ = {isa = PBXFileReference; lastKnownFileType = audio.mp3; path = wrong15.mp3; sourceTree = "<group>"; };
		3E9C4F6E198AB3FC000AF68C /* wrong16.mp3 */ = {isa = PBXFileReference; lastKnownFileType = audio.mp3; path = wrong16.mp3; sourceTree = "<group>"; };
		3E9C4F6F198AB3FC000AF68C /* wrong17.mp3 */ = {isa = PBXFileReference; lastKnownFileType = audio.mp3; path = wrong17.mp3; sourceTree = "<group>"; };
		3E9C4F70198AB3FC000AF68C /* wrong18.mp3 */ = {isa = PBXFileReference; lastKnownFileType = audio.mp3; path = wrong18.mp3; sourceTree = "<group>"; };
		3E9C4F71198AB3FC000AF68C /* wrong2.mp3 */ = {isa = PBXFileReference; lastKnownFileType = audio.mp3; path = wrong2.mp3; sourceTree = "<group>"; };
		3E9C4F72198AB3FC000AF68C /* wrong3.mp3 */ = {isa = PBXFileReference; lastKnownFileType = audio.mp3; path = wrong3.mp3; sourceTree = "<group>"; };
		3E9C4F73198AB3FC000AF68C /* wrong4.mp3 */ = {isa = PBXFileReference; lastKnownFileType = audio.mp3; path = wrong4.mp3; sourceTree = "<group>"; };
		3E9C4F74198AB3FC000AF68C /* wrong5.mp3 */ = {isa = PBXFileReference; lastKnownFileType = audio.mp3; path = wrong5.mp3; sourceTree = "<group>"; };
		3E9C4F75198AB3FC000AF68C /* wrong6.mp3 */ = {isa = PBXFileReference; lastKnownFileType = audio.mp3; path = wrong6.mp3; sourceTree = "<group>"; };
		3E9C4F76198AB3FC000AF68C /* wrong7.mp3 */ = {isa = PBXFileReference; lastKnownFileType = audio.mp3; path = wrong7.mp3; sourceTree = "<group>"; };
		3E9C4F77198AB3FC000AF68C /* wrong8.mp3 */ = {isa = PBXFileReference; lastKnownFileType = audio.mp3; path = wrong8.mp3; sourceTree = "<group>"; };
		3E9C4F78198AB3FC000AF68C /* wrong9.mp3 */ = {isa = PBXFileReference; lastKnownFileType = audio.mp3; path = wrong9.mp3; sourceTree = "<group>"; };
		3EE6041819A225AB0072EA00 /* CountdownViewController.swift */ = {isa = PBXFileReference; fileEncoding = 4; lastKnownFileType = sourcecode.swift; path = CountdownViewController.swift; sourceTree = "<group>"; };
/* End PBXFileReference section */

/* Begin PBXFrameworksBuildPhase section */
		3E9C4EA7198AB350000AF68C /* Frameworks */ = {
			isa = PBXFrameworksBuildPhase;
			buildActionMask = 2147483647;
			files = (
				3E584F491999791B0081CB6E /* QuartzCore.framework in Frameworks */,
			);
			runOnlyForDeploymentPostprocessing = 0;
		};
		3E9C4EB9198AB350000AF68C /* Frameworks */ = {
			isa = PBXFrameworksBuildPhase;
			buildActionMask = 2147483647;
			files = (
			);
			runOnlyForDeploymentPostprocessing = 0;
		};
/* End PBXFrameworksBuildPhase section */

/* Begin PBXGroup section */
		3E1535711A232A7C0073F149 /* finalPuzzle */ = {
			isa = PBXGroup;
			children = (
				3E1535721A232A7C0073F149 /* klau.jpg */,
				3E1535731A232A7C0073F149 /* rasa.jpg */,
				3E1535741A232A7C0073F149 /* sima.jpg */,
				3E1535751A232A7C0073F149 /* tau.jpg */,
				3E1535761A232A7C0073F149 /* turiu.jpg */,
			);
			path = finalPuzzle;
			sourceTree = "<group>";
		};
		3E2936421A207C2F0040D13F /* LTMorphingLabel */ = {
			isa = PBXGroup;
			children = (
				3E2936431A207C2F0040D13F /* LTEasing.swift */,
				3E2936441A207C2F0040D13F /* LTMorphingLabel+Anvil.swift */,
				3E2936451A207C2F0040D13F /* LTMorphingLabel+Burn.swift */,
				3E2936461A207C2F0040D13F /* LTMorphingLabel+Evaporate.swift */,
				3E2936471A207C2F0040D13F /* LTMorphingLabel+Fall.swift */,
				3E2936481A207C2F0040D13F /* LTMorphingLabel+Pixelate.swift */,
				3E2936491A207C2F0040D13F /* LTMorphingLabel+Sparkle.swift */,
				3E29364A1A207C2F0040D13F /* LTMorphingLabel.swift */,
				3E29364B1A207C2F0040D13F /* NSString+LTMorphingLabel.swift */,
				3E29364C1A207C2F0040D13F /* Particles */,
			);
			path = LTMorphingLabel;
			sourceTree = "<group>";
		};
		3E29364C1A207C2F0040D13F /* Particles */ = {
			isa = PBXGroup;
			children = (
				3E29364D1A207C2F0040D13F /* Fire.png */,
				3E29364E1A207C2F0040D13F /* Fragment.png */,
				3E29364F1A207C2F0040D13F /* Smoke.png */,
				3E2936501A207C2F0040D13F /* Sparkle.png */,
			);
			path = Particles;
			sourceTree = "<group>";
		};
		3E5ECA10199A85D500B58A65 /* stereo */ = {
			isa = PBXGroup;
			children = (
				3E5ECA12199A85D500B58A65 /* ant.jpg */,
				3E5ECA13199A85D500B58A65 /* cow.jpg */,
				3E5ECA14199A85D500B58A65 /* dolphins.jpg */,
				3E5ECA15199A85D500B58A65 /* drakonas.jpg */,
				3E5ECA16199A85D500B58A65 /* drugelis.jpg */,
				3E5ECA17199A85D500B58A65 /* flying_bird.jpg */,
				3E5ECA18199A85D500B58A65 /* gorilla.jpg */,
				3E5ECA19199A85D500B58A65 /* heart.jpg */,
				3E5ECA1A199A85D500B58A65 /* infinity.jpg */,
				3E5ECA1B199A85D500B58A65 /* kaukole.jpg */,
				3E5ECA1C199A85D500B58A65 /* kirvis.jpg */,
				3E5ECA1D199A85D500B58A65 /* pianinas.jpg */,
				3E5ECA1E199A85D500B58A65 /* skateboard.jpg */,
				3E5ECA1F199A85D500B58A65 /* skull.jpg */,
				3E5ECA20199A85D500B58A65 /* sports_car.jpg */,
				3E5ECA21199A85D500B58A65 /* tea_pot.jpg */,
				3E5ECA22199A85D500B58A65 /* vilkas.jpg */,
				3E5ECA26199A85D500B58A65 /* woman.jpg */,
			);
			path = stereo;
			sourceTree = "<group>";
		};
		3E5ECA3C199A969B00B58A65 /* Resources */ = {
			isa = PBXGroup;
			children = (
				3E9C4EB3198AB350000AF68C /* Main.storyboard */,
				3E9C4EB6198AB350000AF68C /* Images.xcassets */,
				3E5ECA3D199A96BB00B58A65 /* sounds */,
				3E9C4FA0198AB403000AF68C /* pictures */,
			);
			name = Resources;
			sourceTree = "<group>";
		};
		3E5ECA3D199A96BB00B58A65 /* sounds */ = {
			isa = PBXGroup;
			children = (
				3E15356F1A23274B0073F149 /* dream.mp3 */,
				3E15356B1A20D9030073F149 /* laugh.aiff */,
				3E5ECA3E199A96CC00B58A65 /* mistika.wav */,
				3E9C4F66198AB3FC000AF68C /* wrong_sounds */,
			);
			name = sounds;
			path = wrong_sounds;
			sourceTree = "<group>";
		};
		3E5ECA40199A96F200B58A65 /* libs */ = {
			isa = PBXGroup;
			children = (
				3E2936421A207C2F0040D13F /* LTMorphingLabel */,
				3E9C4F5D198AB3FC000AF68C /* MDScratchImageView */,
			);
			name = libs;
			sourceTree = "<group>";
		};
		3E9C4EA1198AB350000AF68C = {
			isa = PBXGroup;
			children = (
				3E584F481999791B0081CB6E /* QuartzCore.framework */,
				3E9C4EAC198AB350000AF68C /* MistikA */,
				3E9C4EBF198AB350000AF68C /* MistikATests */,
				3E9C4EAB198AB350000AF68C /* Products */,
			);
			sourceTree = "<group>";
		};
		3E9C4EAB198AB350000AF68C /* Products */ = {
			isa = PBXGroup;
			children = (
				3E9C4EAA198AB350000AF68C /* MistikA.app */,
				3E9C4EBC198AB350000AF68C /* MistikATests.xctest */,
			);
			name = Products;
			sourceTree = "<group>";
		};
		3E9C4EAC198AB350000AF68C /* MistikA */ = {
			isa = PBXGroup;
			children = (
				3E5ECA3C199A969B00B58A65 /* Resources */,
				3E9C4ED0198AB3ED000AF68C /* Classes */,
				3E9C4EAD198AB350000AF68C /* Supporting Files */,
			);
			path = MistikA;
			sourceTree = "<group>";
		};
		3E9C4EAD198AB350000AF68C /* Supporting Files */ = {
			isa = PBXGroup;
			children = (
				3E9C4ECD198AB3ED000AF68C /* BridgingHeader.h */,
				3E9C4EAE198AB350000AF68C /* Info.plist */,
			);
			name = "Supporting Files";
			sourceTree = "<group>";
		};
		3E9C4EBF198AB350000AF68C /* MistikATests */ = {
			isa = PBXGroup;
			children = (
				3E9C4EC2198AB350000AF68C /* MistikATests.swift */,
				3E9C4EC0198AB350000AF68C /* Supporting Files */,
			);
			path = MistikATests;
			sourceTree = "<group>";
		};
		3E9C4EC0198AB350000AF68C /* Supporting Files */ = {
			isa = PBXGroup;
			children = (
				3E9C4EC1198AB350000AF68C /* Info.plist */,
			);
			name = "Supporting Files";
			sourceTree = "<group>";
		};
		3E9C4ED0198AB3ED000AF68C /* Classes */ = {
			isa = PBXGroup;
			children = (
				3E5ECA40199A96F200B58A65 /* libs */,
				3E9C4ED4198AB3ED000AF68C /* Flappy */,
				3E9C4ECE198AB3ED000AF68C /* ChooseLevelCell.xib */,
				3E9C4F12198AB3ED000AF68C /* IndoorPuzzleViewController.swift */,
				3E9C4EAF198AB350000AF68C /* AppDelegate.swift */,
				3E9C4EB1198AB350000AF68C /* ViewController.swift */,
				3E9C4ED1198AB3ED000AF68C /* BaseViewController.swift */,
				3E9C4ED2198AB3ED000AF68C /* ChooseLevelCell.swift */,
				3E9C4ED3198AB3ED000AF68C /* FindPalepeViewController.swift */,
				3E9C4EF5198AB3ED000AF68C /* GameController.swift */,
				3E9C4EF6198AB3ED000AF68C /* LevelCollectionViewController.swift */,
				3E9C4EF7198AB3ED000AF68C /* LevelsViewController.swift */,
				3E9C4EF8198AB3ED000AF68C /* MapRiddleViewController.swift */,
				3E9C4EF9198AB3ED000AF68C /* OpticalIllusionViewController.swift */,
				3E5ECA0C199A724500B58A65 /* StereoIllusionViewController.swift */,
				3E9C4EFA198AB3ED000AF68C /* PuzzleEnum.swift */,
				3E9C4EFB198AB3ED000AF68C /* StarEmitterView.swift */,
				3EE6041819A225AB0072EA00 /* CountdownViewController.swift */,
				3E15356D1A2324EF0073F149 /* FinalPuzzleViewController.swift */,
			);
			path = Classes;
			sourceTree = "<group>";
		};
		3E9C4ED4198AB3ED000AF68C /* Flappy */ = {
			isa = PBXGroup;
			children = (
				3E9C4ED5198AB3ED000AF68C /* _FlappyMain.storyboard_.storyboard */,
				3E9C4ED6198AB3ED000AF68C /* Constants.h */,
				3E9C4ED7198AB3ED000AF68C /* FlappyMain.storyboard */,
				3E9C4ED8198AB3ED000AF68C /* FlappyViewController.h */,
				3E9C4ED9198AB3ED000AF68C /* FlappyViewController.m */,
				3E9C4EDA198AB3ED000AF68C /* Macros.h */,
				3E9C4EDB198AB3ED000AF68C /* Models */,
				3E9C4EDE198AB3ED000AF68C /* Resources */,
				3E9C4EEE198AB3ED000AF68C /* Scenes */,
			);
			path = Flappy;
			sourceTree = "<group>";
		};
		3E9C4EDB198AB3ED000AF68C /* Models */ = {
			isa = PBXGroup;
			children = (
				3E9C4EDC198AB3ED000AF68C /* Score.h */,
				3E9C4EDD198AB3ED000AF68C /* Score.m */,
			);
			path = Models;
			sourceTree = "<group>";
		};
		3E9C4EDE198AB3ED000AF68C /* Resources */ = {
			isa = PBXGroup;
			children = (
				3E9C4EDF198AB3ED000AF68C /* back@2x.png */,
				3E9C4EE0198AB3ED000AF68C /* bird_1@2x.png */,
				3E9C4EE1198AB3ED000AF68C /* bird_2@2x.png */,
				3E9C4EE2198AB3ED000AF68C /* bird_3@2x.png */,
				3E9C4EE3198AB3ED000AF68C /* floor@2x.png */,
				3E9C4EE4198AB3ED000AF68C /* game_over@2x.png */,
				3E9C4EE5198AB3ED000AF68C /* get_ready@2x.png */,
				3E9C4EE6198AB3ED000AF68C /* medal_bronze@2x.png */,
				3E9C4EE7198AB3ED000AF68C /* medal_gold@2x.png */,
				3E9C4EE8198AB3ED000AF68C /* medal_plate@2x.png */,
				3E9C4EE9198AB3ED000AF68C /* medal_platinum@2x.png */,
				3E9C4EEA198AB3ED000AF68C /* medal_silver@2x.png */,
				3E9C4EEB198AB3ED000AF68C /* pipe_bottom@2x.png */,
				3E9C4EEC198AB3ED000AF68C /* pipe_top@2x.png */,
				3E9C4EED198AB3ED000AF68C /* taptap@2x.png */,
			);
			path = Resources;
			sourceTree = "<group>";
		};
		3E9C4EEE198AB3ED000AF68C /* Scenes */ = {
			isa = PBXGroup;
			children = (
				3E9C4EEF198AB3ED000AF68C /* BirdNode.h */,
				3E9C4EF0198AB3ED000AF68C /* BirdNode.m */,
				3E9C4EF1198AB3ED000AF68C /* Scene.h */,
				3E9C4EF2198AB3ED000AF68C /* Scene.m */,
				3E9C4EF3198AB3ED000AF68C /* SKScrollingNode.h */,
				3E9C4EF4198AB3ED000AF68C /* SKScrollingNode.m */,
			);
			path = Scenes;
			sourceTree = "<group>";
		};
		3E9C4F02198AB3ED000AF68C /* illiusion */ = {
			isa = PBXGroup;
			children = (
				3E9C4F03198AB3ED000AF68C /* illiusion1.jpg */,
				3E9C4F04198AB3ED000AF68C /* illiusion10.jpg */,
				3E9C4F05198AB3ED000AF68C /* illiusion11.jpg */,
				3E9C4F06198AB3ED000AF68C /* illiusion12.jpg */,
				3E9C4F07198AB3ED000AF68C /* illiusion13.jpg */,
				3E9C4F08198AB3ED000AF68C /* illiusion14.jpg */,
				3E9C4F09198AB3ED000AF68C /* illiusion2.jpg */,
				3E9C4F0A198AB3ED000AF68C /* illiusion3.jpg */,
				3E9C4F0B198AB3ED000AF68C /* illiusion4.jpg */,
				3E9C4F0C198AB3ED000AF68C /* illiusion5.jpg */,
				3E9C4F0D198AB3ED000AF68C /* illiusion6.jpg */,
				3E9C4F0E198AB3ED000AF68C /* illiusion7.jpg */,
				3E9C4F0F198AB3ED000AF68C /* illiusion8.jpg */,
				3E9C4F10198AB3ED000AF68C /* illiusion9.jpg */,
			);
			path = illiusion;
			sourceTree = "<group>";
		};
		3E9C4F5D198AB3FC000AF68C /* MDScratchImageView */ = {
			isa = PBXGroup;
			children = (
				3E9C4F5E198AB3FC000AF68C /* MDMatrix.h */,
				3E9C4F5F198AB3FC000AF68C /* MDMatrix.m */,
				3E9C4F60198AB3FC000AF68C /* MDScratchImageView.h */,
				3E9C4F61198AB3FC000AF68C /* MDScratchImageView.mm */,
			);
			name = MDScratchImageView;
			path = ../MDScratchImageView;
			sourceTree = "<group>";
		};
		3E9C4F66198AB3FC000AF68C /* wrong_sounds */ = {
			isa = PBXGroup;
			children = (
				3E9C4F67198AB3FC000AF68C /* wrong1.mp3 */,
				3E9C4F68198AB3FC000AF68C /* wrong10.mp3 */,
				3E9C4F69198AB3FC000AF68C /* wrong11.mp3 */,
				3E9C4F6A198AB3FC000AF68C /* wrong12.mp3 */,
				3E9C4F6B198AB3FC000AF68C /* wrong13.mp3 */,
				3E9C4F6C198AB3FC000AF68C /* wrong14.mp3 */,
				3E9C4F6D198AB3FC000AF68C /* wrong15.mp3 */,
				3E9C4F6E198AB3FC000AF68C /* wrong16.mp3 */,
				3E9C4F6F198AB3FC000AF68C /* wrong17.mp3 */,
				3E9C4F70198AB3FC000AF68C /* wrong18.mp3 */,
				3E9C4F71198AB3FC000AF68C /* wrong2.mp3 */,
				3E9C4F72198AB3FC000AF68C /* wrong3.mp3 */,
				3E9C4F73198AB3FC000AF68C /* wrong4.mp3 */,
				3E9C4F74198AB3FC000AF68C /* wrong5.mp3 */,
				3E9C4F75198AB3FC000AF68C /* wrong6.mp3 */,
				3E9C4F76198AB3FC000AF68C /* wrong7.mp3 */,
				3E9C4F77198AB3FC000AF68C /* wrong8.mp3 */,
				3E9C4F78198AB3FC000AF68C /* wrong9.mp3 */,
			);
			name = wrong_sounds;
			sourceTree = "<group>";
		};
		3E9C4FA0198AB403000AF68C /* pictures */ = {
			isa = PBXGroup;
			children = (
				3E15357C1A23330C0073F149 /* final_win.jpg */,
				3E1535711A232A7C0073F149 /* finalPuzzle */,
				3E9C4ECF198AB3ED000AF68C /* church.png */,
				3E9C4F5C198AB3FC000AF68C /* master_criminal_achievement.png */,
				3E9C4F62198AB3FC000AF68C /* particle.png */,
				3E9C4F63198AB3FC000AF68C /* question_block.png */,
				3E9C4F64198AB3FC000AF68C /* tiger.jpg */,
				3E9C4F65198AB3FC000AF68C /* wallpaper.jpg */,
				3E9C4ECC198AB3ED000AF68C /* birds.png */,
				3E9C4F02198AB3ED000AF68C /* illiusion */,
				3E5ECA10199A85D500B58A65 /* stereo */,
				3E5ECA0E199A808D00B58A65 /* winnerisyou.jpg */,
				3E5ECA0A199A5D7200B58A65 /* somuchwin.jpg */,
				3E9C4EFC198AB3ED000AF68C /* compass.png */,
				3E9C4EFD198AB3ED000AF68C /* devil.png */,
				3E9C4EFE198AB3ED000AF68C /* epic_win2.jpeg */,
				3E9C4EFF198AB3ED000AF68C /* epic-win.jpg */,
				3E9C4F00198AB3ED000AF68C /* ferox.png */,
				3E9C4F01198AB3ED000AF68C /* fibonacci.png */,
			);
			name = pictures;
			sourceTree = "<group>";
		};
/* End PBXGroup section */

/* Begin PBXNativeTarget section */
		3E9C4EA9198AB350000AF68C /* MistikA */ = {
			isa = PBXNativeTarget;
			buildConfigurationList = 3E9C4EC6198AB350000AF68C /* Build configuration list for PBXNativeTarget "MistikA" */;
			buildPhases = (
				3E9C4EA6198AB350000AF68C /* Sources */,
				3E9C4EA7198AB350000AF68C /* Frameworks */,
				3E9C4EA8198AB350000AF68C /* Resources */,
			);
			buildRules = (
			);
			dependencies = (
			);
			name = MistikA;
			productName = MistikA;
			productReference = 3E9C4EAA198AB350000AF68C /* MistikA.app */;
			productType = "com.apple.product-type.application";
		};
		3E9C4EBB198AB350000AF68C /* MistikATests */ = {
			isa = PBXNativeTarget;
			buildConfigurationList = 3E9C4EC9198AB350000AF68C /* Build configuration list for PBXNativeTarget "MistikATests" */;
			buildPhases = (
				3E9C4EB8198AB350000AF68C /* Sources */,
				3E9C4EB9198AB350000AF68C /* Frameworks */,
				3E9C4EBA198AB350000AF68C /* Resources */,
			);
			buildRules = (
			);
			dependencies = (
				3E9C4EBE198AB350000AF68C /* PBXTargetDependency */,
			);
			name = MistikATests;
			productName = MistikATests;
			productReference = 3E9C4EBC198AB350000AF68C /* MistikATests.xctest */;
			productType = "com.apple.product-type.bundle.unit-test";
		};
/* End PBXNativeTarget section */

/* Begin PBXProject section */
		3E9C4EA2198AB350000AF68C /* Project object */ = {
			isa = PBXProject;
			attributes = {
				LastUpgradeCheck = 0600;
				ORGANIZATIONNAME = Tadas;
				TargetAttributes = {
					3E9C4EA9198AB350000AF68C = {
						CreatedOnToolsVersion = 6.0;
					};
					3E9C4EBB198AB350000AF68C = {
						CreatedOnToolsVersion = 6.0;
						TestTargetID = 3E9C4EA9198AB350000AF68C;
					};
				};
			};
			buildConfigurationList = 3E9C4EA5198AB350000AF68C /* Build configuration list for PBXProject "MistikA" */;
			compatibilityVersion = "Xcode 3.2";
			developmentRegion = English;
			hasScannedForEncodings = 0;
			knownRegions = (
				en,
				Base,
			);
			mainGroup = 3E9C4EA1198AB350000AF68C;
			productRefGroup = 3E9C4EAB198AB350000AF68C /* Products */;
			projectDirPath = "";
			projectRoot = "";
			targets = (
				3E9C4EA9198AB350000AF68C /* MistikA */,
				3E9C4EBB198AB350000AF68C /* MistikATests */,
			);
		};
/* End PBXProject section */

/* Begin PBXResourcesBuildPhase section */
		3E9C4EA8198AB350000AF68C /* Resources */ = {
			isa = PBXResourcesBuildPhase;
			buildActionMask = 2147483647;
			files = (
				3E15357A1A232A7C0073F149 /* tau.jpg in Resources */,
				3E9C4F97198AB3FC000AF68C /* wrong18.mp3 in Resources */,
				3E9C4F29198AB3ED000AF68C /* pipe_bottom@2x.png in Resources */,
				3E9C4F1D198AB3ED000AF68C /* back@2x.png in Resources */,
				3E9C4F90198AB3FC000AF68C /* wrong11.mp3 in Resources */,
				3E9C4F92198AB3FC000AF68C /* wrong13.mp3 in Resources */,
				3E9C4F14198AB3ED000AF68C /* ChooseLevelCell.xib in Resources */,
				3E9C4F93198AB3FC000AF68C /* wrong14.mp3 in Resources */,
				3E9C4F49198AB3ED000AF68C /* illiusion9.jpg in Resources */,
				3E9C4F47198AB3ED000AF68C /* illiusion7.jpg in Resources */,
				3E29365A1A207C2F0040D13F /* Fire.png in Resources */,
				3E5ECA29199A85D500B58A65 /* cow.jpg in Resources */,
				3E5ECA3B199A85D500B58A65 /* woman.jpg in Resources */,
				3E5ECA31199A85D500B58A65 /* kaukole.jpg in Resources */,
				3E9C4F42198AB3ED000AF68C /* illiusion2.jpg in Resources */,
				3E9C4F44198AB3ED000AF68C /* illiusion4.jpg in Resources */,
				3E9C4F45198AB3ED000AF68C /* illiusion5.jpg in Resources */,
				3E5ECA37199A85D500B58A65 /* tea_pot.jpg in Resources */,
				3E9C4F95198AB3FC000AF68C /* wrong16.mp3 in Resources */,
				3E9C4F46198AB3ED000AF68C /* illiusion6.jpg in Resources */,
				3E9C4F2B198AB3ED000AF68C /* taptap@2x.png in Resources */,
				3E5ECA2F199A85D500B58A65 /* heart.jpg in Resources */,
				3E9C4F8D198AB3FC000AF68C /* wallpaper.jpg in Resources */,
				3E9C4F3D198AB3ED000AF68C /* illiusion10.jpg in Resources */,
				3E9C4F21198AB3ED000AF68C /* floor@2x.png in Resources */,
				3E9C4F26198AB3ED000AF68C /* medal_plate@2x.png in Resources */,
				3E5ECA35199A85D500B58A65 /* skull.jpg in Resources */,
				3E1535791A232A7C0073F149 /* sima.jpg in Resources */,
				3E5ECA2D199A85D500B58A65 /* flying_bird.jpg in Resources */,
				3E9C4F1E198AB3ED000AF68C /* bird_1@2x.png in Resources */,
				3E9C4F8B198AB3FC000AF68C /* question_block.png in Resources */,
				3E9C4F9D198AB3FC000AF68C /* wrong7.mp3 in Resources */,
				3E9C4F8F198AB3FC000AF68C /* wrong10.mp3 in Resources */,
				3E5ECA0F199A808D00B58A65 /* winnerisyou.jpg in Resources */,
				3E9C4F23198AB3ED000AF68C /* get_ready@2x.png in Resources */,
				3E9C4F3C198AB3ED000AF68C /* illiusion1.jpg in Resources */,
				3E9C4F9B198AB3FC000AF68C /* wrong5.mp3 in Resources */,
				3E29365B1A207C2F0040D13F /* Fragment.png in Resources */,
				3E9C4F25198AB3ED000AF68C /* medal_gold@2x.png in Resources */,
				3E9C4F94198AB3FC000AF68C /* wrong15.mp3 in Resources */,
				3E9C4EB7198AB350000AF68C /* Images.xcassets in Resources */,
				3E9C4F19198AB3ED000AF68C /* _FlappyMain.storyboard_.storyboard in Resources */,
				3E9C4F9C198AB3FC000AF68C /* wrong6.mp3 in Resources */,
				3E9C4F27198AB3ED000AF68C /* medal_platinum@2x.png in Resources */,
				3E9C4F39198AB3ED000AF68C /* epic-win.jpg in Resources */,
				3E9C4F8C198AB3FC000AF68C /* tiger.jpg in Resources */,
				3E9C4F9A198AB3FC000AF68C /* wrong4.mp3 in Resources */,
				3E9C4F24198AB3ED000AF68C /* medal_bronze@2x.png in Resources */,
				3E9C4F1F198AB3ED000AF68C /* bird_2@2x.png in Resources */,
				3E9C4F9E198AB3FC000AF68C /* wrong8.mp3 in Resources */,
				3E5ECA34199A85D500B58A65 /* skateboard.jpg in Resources */,
				3E1535771A232A7C0073F149 /* klau.jpg in Resources */,
				3E9C4F38198AB3ED000AF68C /* epic_win2.jpeg in Resources */,
				3E5ECA38199A85D500B58A65 /* vilkas.jpg in Resources */,
				3E5ECA2E199A85D500B58A65 /* gorilla.jpg in Resources */,
				3E5ECA32199A85D500B58A65 /* kirvis.jpg in Resources */,
				3E9C4F99198AB3FC000AF68C /* wrong3.mp3 in Resources */,
				3E9C4F36198AB3ED000AF68C /* compass.png in Resources */,
				3E5ECA2A199A85D500B58A65 /* dolphins.jpg in Resources */,
				3E9C4F37198AB3ED000AF68C /* devil.png in Resources */,
				3E1535781A232A7C0073F149 /* rasa.jpg in Resources */,
				3E9C4F22198AB3ED000AF68C /* game_over@2x.png in Resources */,
				3E15356C1A20D9030073F149 /* laugh.aiff in Resources */,
				3E9C4F98198AB3FC000AF68C /* wrong2.mp3 in Resources */,
				3E9C4F9F198AB3FC000AF68C /* wrong9.mp3 in Resources */,
				3E9C4F2A198AB3ED000AF68C /* pipe_top@2x.png in Resources */,
				3E5ECA09199A462400B58A65 /* Main.storyboard in Resources */,
				3E5ECA2C199A85D500B58A65 /* drugelis.jpg in Resources */,
				3E5ECA0B199A5D7200B58A65 /* somuchwin.jpg in Resources */,
				3E9C4F40198AB3ED000AF68C /* illiusion13.jpg in Resources */,
				3E9C4F3A198AB3ED000AF68C /* ferox.png in Resources */,
				3E9C4F91198AB3FC000AF68C /* wrong12.mp3 in Resources */,
				3E9C4F87198AB3FC000AF68C /* master_criminal_achievement.png in Resources */,
				3E5ECA30199A85D500B58A65 /* infinity.jpg in Resources */,
				3E15357B1A232A7C0073F149 /* turiu.jpg in Resources */,
				3E9C4F41198AB3ED000AF68C /* illiusion14.jpg in Resources */,
				3E9C4F15198AB3ED000AF68C /* church.png in Resources */,
				3E1535701A23274B0073F149 /* dream.mp3 in Resources */,
				3E9C4F43198AB3ED000AF68C /* illiusion3.jpg in Resources */,
				3E29365D1A207C2F0040D13F /* Sparkle.png in Resources */,
				3E9C4F8E198AB3FC000AF68C /* wrong1.mp3 in Resources */,
				3E9C4F3F198AB3ED000AF68C /* illiusion12.jpg in Resources */,
				3E9C4F28198AB3ED000AF68C /* medal_silver@2x.png in Resources */,
				3E15357D1A23330C0073F149 /* final_win.jpg in Resources */,
				3E5ECA3F199A96CC00B58A65 /* mistika.wav in Resources */,
				3E5ECA2B199A85D500B58A65 /* drakonas.jpg in Resources */,
				3E9C4F20198AB3ED000AF68C /* bird_3@2x.png in Resources */,
				3E9C4F1A198AB3ED000AF68C /* FlappyMain.storyboard in Resources */,
				3E9C4F3B198AB3ED000AF68C /* fibonacci.png in Resources */,
				3E9C4F96198AB3FC000AF68C /* wrong17.mp3 in Resources */,
				3E9C4F48198AB3ED000AF68C /* illiusion8.jpg in Resources */,
				3E9C4F8A198AB3FC000AF68C /* particle.png in Resources */,
				3E29365C1A207C2F0040D13F /* Smoke.png in Resources */,
				3E5ECA28199A85D500B58A65 /* ant.jpg in Resources */,
				3E9C4F3E198AB3ED000AF68C /* illiusion11.jpg in Resources */,
				3E5ECA33199A85D500B58A65 /* pianinas.jpg in Resources */,
				3E9C4F13198AB3ED000AF68C /* birds.png in Resources */,
				3E5ECA36199A85D500B58A65 /* sports_car.jpg in Resources */,
			);
			runOnlyForDeploymentPostprocessing = 0;
		};
		3E9C4EBA198AB350000AF68C /* Resources */ = {
			isa = PBXResourcesBuildPhase;
			buildActionMask = 2147483647;
			files = (
			);
			runOnlyForDeploymentPostprocessing = 0;
		};
/* End PBXResourcesBuildPhase section */

/* Begin PBXSourcesBuildPhase section */
		3E9C4EA6198AB350000AF68C /* Sources */ = {
			isa = PBXSourcesBuildPhase;
			buildActionMask = 2147483647;
			files = (
				3E9C4EB2198AB350000AF68C /* ViewController.swift in Sources */,
				3E2936511A207C2F0040D13F /* LTEasing.swift in Sources */,
				3E2936541A207C2F0040D13F /* LTMorphingLabel+Evaporate.swift in Sources */,
				3E5ECA0D199A724500B58A65 /* StereoIllusionViewController.swift in Sources */,
				3E9C4F32198AB3ED000AF68C /* MapRiddleViewController.swift in Sources */,
				3E9C4F2E198AB3ED000AF68C /* SKScrollingNode.m in Sources */,
				3E9C4F31198AB3ED000AF68C /* LevelsViewController.swift in Sources */,
				3E2936591A207C2F0040D13F /* NSString+LTMorphingLabel.swift in Sources */,
				3E9C4F17198AB3ED000AF68C /* ChooseLevelCell.swift in Sources */,
				3E9C4F1B198AB3ED000AF68C /* FlappyViewController.m in Sources */,
				3E9C4F2D198AB3ED000AF68C /* Scene.m in Sources */,
				3E9C4F30198AB3ED000AF68C /* LevelCollectionViewController.swift in Sources */,
				3E9C4EB0198AB350000AF68C /* AppDelegate.swift in Sources */,
				3E15356E1A2324EF0073F149 /* FinalPuzzleViewController.swift in Sources */,
				3E2936561A207C2F0040D13F /* LTMorphingLabel+Pixelate.swift in Sources */,
				3E9C4F33198AB3ED000AF68C /* OpticalIllusionViewController.swift in Sources */,
				3E9C4F34198AB3ED000AF68C /* PuzzleEnum.swift in Sources */,
				3E9C4F89198AB3FC000AF68C /* MDScratchImageView.mm in Sources */,
				3EE6041919A225AB0072EA00 /* CountdownViewController.swift in Sources */,
				3E2936531A207C2F0040D13F /* LTMorphingLabel+Burn.swift in Sources */,
				3E9C4F2C198AB3ED000AF68C /* BirdNode.m in Sources */,
				3E9C4F1C198AB3ED000AF68C /* Score.m in Sources */,
				3E9C4F2F198AB3ED000AF68C /* GameController.swift in Sources */,
				3E9C4F4B198AB3ED000AF68C /* IndoorPuzzleViewController.swift in Sources */,
				3E9C4F16198AB3ED000AF68C /* BaseViewController.swift in Sources */,
				3E9C4F88198AB3FC000AF68C /* MDMatrix.m in Sources */,
				3E9C4F18198AB3ED000AF68C /* FindPalepeViewController.swift in Sources */,
				3E9C4F35198AB3ED000AF68C /* StarEmitterView.swift in Sources */,
				3E2936571A207C2F0040D13F /* LTMorphingLabel+Sparkle.swift in Sources */,
				3E2936551A207C2F0040D13F /* LTMorphingLabel+Fall.swift in Sources */,
				3E2936581A207C2F0040D13F /* LTMorphingLabel.swift in Sources */,
				3E2936521A207C2F0040D13F /* LTMorphingLabel+Anvil.swift in Sources */,
			);
			runOnlyForDeploymentPostprocessing = 0;
		};
		3E9C4EB8198AB350000AF68C /* Sources */ = {
			isa = PBXSourcesBuildPhase;
			buildActionMask = 2147483647;
			files = (
				3E9C4EC3198AB350000AF68C /* MistikATests.swift in Sources */,
			);
			runOnlyForDeploymentPostprocessing = 0;
		};
/* End PBXSourcesBuildPhase section */

/* Begin PBXTargetDependency section */
		3E9C4EBE198AB350000AF68C /* PBXTargetDependency */ = {
			isa = PBXTargetDependency;
			target = 3E9C4EA9198AB350000AF68C /* MistikA */;
			targetProxy = 3E9C4EBD198AB350000AF68C /* PBXContainerItemProxy */;
		};
/* End PBXTargetDependency section */

/* Begin PBXVariantGroup section */
		3E9C4EB3198AB350000AF68C /* Main.storyboard */ = {
			isa = PBXVariantGroup;
			children = (
				3E9C4EB4198AB350000AF68C /* Base */,
			);
			name = Main.storyboard;
			sourceTree = "<group>";
		};
/* End PBXVariantGroup section */

/* Begin XCBuildConfiguration section */
		3E9C4EC4198AB350000AF68C /* Debug */ = {
			isa = XCBuildConfiguration;
			buildSettings = {
				ALWAYS_SEARCH_USER_PATHS = NO;
				CLANG_CXX_LANGUAGE_STANDARD = "gnu++0x";
				CLANG_CXX_LIBRARY = "libc++";
				CLANG_ENABLE_MODULES = YES;
				CLANG_ENABLE_OBJC_ARC = YES;
				CLANG_WARN_BOOL_CONVERSION = YES;
				CLANG_WARN_CONSTANT_CONVERSION = YES;
				CLANG_WARN_DIRECT_OBJC_ISA_USAGE = YES_ERROR;
				CLANG_WARN_EMPTY_BODY = YES;
				CLANG_WARN_ENUM_CONVERSION = YES;
				CLANG_WARN_INT_CONVERSION = YES;
				CLANG_WARN_OBJC_ROOT_CLASS = YES_ERROR;
				CLANG_WARN_UNREACHABLE_CODE = YES;
				CLANG_WARN__DUPLICATE_METHOD_MATCH = YES;
				"CODE_SIGN_IDENTITY[sdk=iphoneos*]" = "iPhone Developer";
				COPY_PHASE_STRIP = NO;
				ENABLE_STRICT_OBJC_MSGSEND = YES;
				GCC_C_LANGUAGE_STANDARD = gnu99;
				GCC_DYNAMIC_NO_PIC = NO;
				GCC_OPTIMIZATION_LEVEL = 0;
				GCC_PREPROCESSOR_DEFINITIONS = (
					"DEBUG=1",
					"$(inherited)",
				);
				GCC_SYMBOLS_PRIVATE_EXTERN = NO;
				GCC_WARN_64_TO_32_BIT_CONVERSION = YES;
				GCC_WARN_ABOUT_RETURN_TYPE = YES_ERROR;
				GCC_WARN_UNDECLARED_SELECTOR = YES;
				GCC_WARN_UNINITIALIZED_AUTOS = YES_AGGRESSIVE;
				GCC_WARN_UNUSED_FUNCTION = YES;
				GCC_WARN_UNUSED_VARIABLE = YES;
				IPHONEOS_DEPLOYMENT_TARGET = 8.0;
				MTL_ENABLE_DEBUG_INFO = YES;
				ONLY_ACTIVE_ARCH = YES;
				SDKROOT = iphoneos;
				SWIFT_OPTIMIZATION_LEVEL = "-Onone";
			};
			name = Debug;
		};
		3E9C4EC5198AB350000AF68C /* Release */ = {
			isa = XCBuildConfiguration;
			buildSettings = {
				ALWAYS_SEARCH_USER_PATHS = NO;
				CLANG_CXX_LANGUAGE_STANDARD = "gnu++0x";
				CLANG_CXX_LIBRARY = "libc++";
				CLANG_ENABLE_MODULES = YES;
				CLANG_ENABLE_OBJC_ARC = YES;
				CLANG_WARN_BOOL_CONVERSION = YES;
				CLANG_WARN_CONSTANT_CONVERSION = YES;
				CLANG_WARN_DIRECT_OBJC_ISA_USAGE = YES_ERROR;
				CLANG_WARN_EMPTY_BODY = YES;
				CLANG_WARN_ENUM_CONVERSION = YES;
				CLANG_WARN_INT_CONVERSION = YES;
				CLANG_WARN_OBJC_ROOT_CLASS = YES_ERROR;
				CLANG_WARN_UNREACHABLE_CODE = YES;
				CLANG_WARN__DUPLICATE_METHOD_MATCH = YES;
				"CODE_SIGN_IDENTITY[sdk=iphoneos*]" = "iPhone Developer";
				COPY_PHASE_STRIP = YES;
				ENABLE_NS_ASSERTIONS = NO;
				ENABLE_STRICT_OBJC_MSGSEND = YES;
				GCC_C_LANGUAGE_STANDARD = gnu99;
				GCC_WARN_64_TO_32_BIT_CONVERSION = YES;
				GCC_WARN_ABOUT_RETURN_TYPE = YES_ERROR;
				GCC_WARN_UNDECLARED_SELECTOR = YES;
				GCC_WARN_UNINITIALIZED_AUTOS = YES_AGGRESSIVE;
				GCC_WARN_UNUSED_FUNCTION = YES;
				GCC_WARN_UNUSED_VARIABLE = YES;
				IPHONEOS_DEPLOYMENT_TARGET = 8.0;
				MTL_ENABLE_DEBUG_INFO = NO;
				SDKROOT = iphoneos;
				VALIDATE_PRODUCT = YES;
			};
			name = Release;
		};
		3E9C4EC7198AB350000AF68C /* Debug */ = {
			isa = XCBuildConfiguration;
			buildSettings = {
				ASSETCATALOG_COMPILER_APPICON_NAME = AppIcon;
				ASSETCATALOG_COMPILER_LAUNCHIMAGE_NAME = LaunchImage;
				INFOPLIST_FILE = MistikA/Info.plist;
				IPHONEOS_DEPLOYMENT_TARGET = 7.0;
				LD_RUNPATH_SEARCH_PATHS = "$(inherited) @executable_path/Frameworks";
				PRODUCT_NAME = "$(TARGET_NAME)";
				SWIFT_OBJC_BRIDGING_HEADER = MistikA/BridgingHeader.h;
			};
			name = Debug;
		};
		3E9C4EC8198AB350000AF68C /* Release */ = {
			isa = XCBuildConfiguration;
			buildSettings = {
				ASSETCATALOG_COMPILER_APPICON_NAME = AppIcon;
				ASSETCATALOG_COMPILER_LAUNCHIMAGE_NAME = LaunchImage;
				INFOPLIST_FILE = MistikA/Info.plist;
				IPHONEOS_DEPLOYMENT_TARGET = 7.0;
				LD_RUNPATH_SEARCH_PATHS = "$(inherited) @executable_path/Frameworks";
				PRODUCT_NAME = "$(TARGET_NAME)";
				SWIFT_OBJC_BRIDGING_HEADER = MistikA/BridgingHeader.h;
			};
			name = Release;
		};
		3E9C4ECA198AB350000AF68C /* Debug */ = {
			isa = XCBuildConfiguration;
			buildSettings = {
				BUNDLE_LOADER = "$(BUILT_PRODUCTS_DIR)/MistikA.app/MistikA";
				FRAMEWORK_SEARCH_PATHS = (
					"$(SDKROOT)/Developer/Library/Frameworks",
					"$(inherited)",
				);
				GCC_PREPROCESSOR_DEFINITIONS = (
					"DEBUG=1",
					"$(inherited)",
				);
				INFOPLIST_FILE = MistikATests/Info.plist;
				LD_RUNPATH_SEARCH_PATHS = "$(inherited) @executable_path/Frameworks @loader_path/Frameworks";
				PRODUCT_NAME = "$(TARGET_NAME)";
				TEST_HOST = "$(BUNDLE_LOADER)";
			};
			name = Debug;
		};
		3E9C4ECB198AB350000AF68C /* Release */ = {
			isa = XCBuildConfiguration;
			buildSettings = {
				BUNDLE_LOADER = "$(BUILT_PRODUCTS_DIR)/MistikA.app/MistikA";
				FRAMEWORK_SEARCH_PATHS = (
					"$(SDKROOT)/Developer/Library/Frameworks",
					"$(inherited)",
				);
				INFOPLIST_FILE = MistikATests/Info.plist;
				LD_RUNPATH_SEARCH_PATHS = "$(inherited) @executable_path/Frameworks @loader_path/Frameworks";
				PRODUCT_NAME = "$(TARGET_NAME)";
				TEST_HOST = "$(BUNDLE_LOADER)";
			};
			name = Release;
		};
/* End XCBuildConfiguration section */

/* Begin XCConfigurationList section */
		3E9C4EA5198AB350000AF68C /* Build configuration list for PBXProject "MistikA" */ = {
			isa = XCConfigurationList;
			buildConfigurations = (
				3E9C4EC4198AB350000AF68C /* Debug */,
				3E9C4EC5198AB350000AF68C /* Release */,
			);
			defaultConfigurationIsVisible = 0;
			defaultConfigurationName = Release;
		};
		3E9C4EC6198AB350000AF68C /* Build configuration list for PBXNativeTarget "MistikA" */ = {
			isa = XCConfigurationList;
			buildConfigurations = (
				3E9C4EC7198AB350000AF68C /* Debug */,
				3E9C4EC8198AB350000AF68C /* Release */,
			);
			defaultConfigurationIsVisible = 0;
			defaultConfigurationName = Release;
		};
		3E9C4EC9198AB350000AF68C /* Build configuration list for PBXNativeTarget "MistikATests" */ = {
			isa = XCConfigurationList;
			buildConfigurations = (
				3E9C4ECA198AB350000AF68C /* Debug */,
				3E9C4ECB198AB350000AF68C /* Release */,
			);
			defaultConfigurationIsVisible = 0;
			defaultConfigurationName = Release;
		};
/* End XCConfigurationList section */
	};
	rootObject = 3E9C4EA2198AB350000AF68C /* Project object */;
}
